
Microsoft Visual Studio Solution File, Format Version 12.00
# Visual Studio 15
VisualStudioVersion = 15.0.26124.0
MinimumVisualStudioVersion = 15.0.26124.0
Project("{2150E333-8FDC-42A3-9474-1A3956D46DE8}") = "src", "src", "{8C7890F3-C115-4C92-BA02-6A291CC7281A}"
EndProject
Project("{2150E333-8FDC-42A3-9474-1A3956D46DE8}") = "tests", "tests", "{9B80F5AB-0D34-4BB4-8EF3-AC303C6BDD85}"
EndProject
Project("{FAE04EC0-301F-11D3-BF4B-00C04F79EFBC}") = "CoreTests", "tests\Core\CoreTests.csproj", "{CCFFAFD5-0EDC-4FB4-8C24-85CC2FA8C3F6}"
EndProject
Project("{2150E333-8FDC-42A3-9474-1A3956D46DE8}") = "Core", "Core", "{EA64DD35-7A49-4B7A-9085-26E39E147535}"
EndProject
Project("{FAE04EC0-301F-11D3-BF4B-00C04F79EFBC}") = "ApprovalNotification", "src\Core\ApprovalNotification\ApprovalNotification.csproj", "{5D28E854-F418-48E0-8C44-11F5EE24A6DE}"
EndProject
Project("{FAE04EC0-301F-11D3-BF4B-00C04F79EFBC}") = "ApprovalWebhook", "src\Core\ApprovalWebhook\ApprovalWebhook.csproj", "{19171D4C-3014-4580-B4C3-15AE8EE5F082}"
EndProject
Project("{2150E333-8FDC-42A3-9474-1A3956D46DE8}") = "AwsUtils", "AwsUtils", "{D21488EF-1E71-48D7-A311-1F51C305DAAA}"
EndProject
Project("{FAE04EC0-301F-11D3-BF4B-00C04F79EFBC}") = "AwsUtils.Common", "src\Core\AwsUtils\Common\AwsUtils.Common.csproj", "{D15E4004-C5AF-4123-9998-E60EF374D532}"
EndProject
Project("{FAE04EC0-301F-11D3-BF4B-00C04F79EFBC}") = "KeyManagementService", "src\Core\AwsUtils\KeyManagementService\KeyManagementService.csproj", "{C0F2164F-21A4-45A9-9175-21D5DE1228AF}"
EndProject
Project("{FAE04EC0-301F-11D3-BF4B-00C04F79EFBC}") = "SimpleStorageService", "src\Core\AwsUtils\SimpleStorageService\SimpleStorageService.csproj", "{38296614-64EB-4F06-B75F-D563C3F87424}"
EndProject
Project("{FAE04EC0-301F-11D3-BF4B-00C04F79EFBC}") = "DeploymentSupersession", "src\Core\DeploymentSupersession\DeploymentSupersession.csproj", "{C0318184-2CF0-4D84-A713-255C341072F0}"
EndProject
Project("{FAE04EC0-301F-11D3-BF4B-00C04F79EFBC}") = "ExtractFileFromZip", "src\Core\ExtractFileFromZip\ExtractFileFromZip.csproj", "{D4D43970-AD58-441E-95C6-BD3EE6D745DD}"
EndProject
Project("{FAE04EC0-301F-11D3-BF4B-00C04F79EFBC}") = "GithubWebhook", "src\Core\GithubWebhook\GithubWebhook.csproj", "{2B344A5E-0C51-4089-BBDE-5CA4304D3EB1}"
EndProject
Project("{FAE04EC0-301F-11D3-BF4B-00C04F79EFBC}") = "S3Deployment", "src\Core\S3Deployment\S3Deployment.csproj", "{E13DC410-6EB3-4239-998D-A29E5AB17482}"
EndProject
Project("{FAE04EC0-301F-11D3-BF4B-00C04F79EFBC}") = "StackDeployment", "src\Core\StackDeployment\StackDeployment.csproj", "{F2A452B8-3E5B-4CE2-8A16-7ABAEFA9EAEC}"
EndProject
Project("{FAE04EC0-301F-11D3-BF4B-00C04F79EFBC}") = "StackDeploymentStatus", "src\Core\StackDeploymentStatus\StackDeploymentStatus.csproj", "{40AC65E9-9AC8-4218-A419-BB9ECE397471}"
EndProject
Project("{FAE04EC0-301F-11D3-BF4B-00C04F79EFBC}") = "S3TagOutdatedArtifacts", "src\Core\S3TagOutdatedArtifacts\S3TagOutdatedArtifacts.csproj", "{1F8D7B76-4748-406D-819A-23E5D414F846}"
EndProject
Project("FAE04EC0-301F-11D3-BF4B-00C04F79EFBC") = "CoreProject", "src\Core\Core.proj", "{AD3091B1-F206-4026-B288-1B16FCD97653}"
EndProject
Project("{FAE04EC0-301F-11D3-BF4B-00C04F79EFBC}") = "EcsDeployment", "src\Core\EcsDeployment\EcsDeployment.csproj", "{C92076C4-F90E-4700-AA48-A257C94AB8F3}"
EndProject
Project("FAE04EC0-301F-11D3-BF4B-00C04F79EFBC") = "Layers", "src\Layers\Layers.proj", "{57964E6B-F53D-4EC8-BE65-7EDA2BD1D485}"
EndProject
Global
	GlobalSection(SolutionConfigurationPlatforms) = preSolution
		Debug|Any CPU = Debug|Any CPU
		Debug|x64 = Debug|x64
		Debug|x86 = Debug|x86
		Release|Any CPU = Release|Any CPU
		Release|x64 = Release|x64
		Release|x86 = Release|x86
	EndGlobalSection
	GlobalSection(SolutionProperties) = preSolution
		HideSolutionNode = FALSE
	EndGlobalSection
	GlobalSection(ProjectConfigurationPlatforms) = postSolution
		{CCFFAFD5-0EDC-4FB4-8C24-85CC2FA8C3F6}.Debug|Any CPU.ActiveCfg = Debug|Any CPU
		{CCFFAFD5-0EDC-4FB4-8C24-85CC2FA8C3F6}.Debug|Any CPU.Build.0 = Debug|Any CPU
		{CCFFAFD5-0EDC-4FB4-8C24-85CC2FA8C3F6}.Debug|x64.ActiveCfg = Debug|Any CPU
		{CCFFAFD5-0EDC-4FB4-8C24-85CC2FA8C3F6}.Debug|x64.Build.0 = Debug|Any CPU
		{CCFFAFD5-0EDC-4FB4-8C24-85CC2FA8C3F6}.Debug|x86.ActiveCfg = Debug|Any CPU
		{CCFFAFD5-0EDC-4FB4-8C24-85CC2FA8C3F6}.Debug|x86.Build.0 = Debug|Any CPU
		{CCFFAFD5-0EDC-4FB4-8C24-85CC2FA8C3F6}.Release|Any CPU.ActiveCfg = Release|Any CPU
		{CCFFAFD5-0EDC-4FB4-8C24-85CC2FA8C3F6}.Release|Any CPU.Build.0 = Release|Any CPU
		{CCFFAFD5-0EDC-4FB4-8C24-85CC2FA8C3F6}.Release|x64.ActiveCfg = Release|Any CPU
		{CCFFAFD5-0EDC-4FB4-8C24-85CC2FA8C3F6}.Release|x64.Build.0 = Release|Any CPU
		{CCFFAFD5-0EDC-4FB4-8C24-85CC2FA8C3F6}.Release|x86.ActiveCfg = Release|Any CPU
		{CCFFAFD5-0EDC-4FB4-8C24-85CC2FA8C3F6}.Release|x86.Build.0 = Release|Any CPU
		{5D28E854-F418-48E0-8C44-11F5EE24A6DE}.Debug|Any CPU.ActiveCfg = Debug|Any CPU
		{5D28E854-F418-48E0-8C44-11F5EE24A6DE}.Debug|Any CPU.Build.0 = Debug|Any CPU
		{5D28E854-F418-48E0-8C44-11F5EE24A6DE}.Debug|x64.ActiveCfg = Debug|Any CPU
		{5D28E854-F418-48E0-8C44-11F5EE24A6DE}.Debug|x64.Build.0 = Debug|Any CPU
		{5D28E854-F418-48E0-8C44-11F5EE24A6DE}.Debug|x86.ActiveCfg = Debug|Any CPU
		{5D28E854-F418-48E0-8C44-11F5EE24A6DE}.Debug|x86.Build.0 = Debug|Any CPU
		{5D28E854-F418-48E0-8C44-11F5EE24A6DE}.Release|Any CPU.ActiveCfg = Release|Any CPU
		{5D28E854-F418-48E0-8C44-11F5EE24A6DE}.Release|Any CPU.Build.0 = Release|Any CPU
		{5D28E854-F418-48E0-8C44-11F5EE24A6DE}.Release|x64.ActiveCfg = Release|Any CPU
		{5D28E854-F418-48E0-8C44-11F5EE24A6DE}.Release|x64.Build.0 = Release|Any CPU
		{5D28E854-F418-48E0-8C44-11F5EE24A6DE}.Release|x86.ActiveCfg = Release|Any CPU
		{5D28E854-F418-48E0-8C44-11F5EE24A6DE}.Release|x86.Build.0 = Release|Any CPU
		{19171D4C-3014-4580-B4C3-15AE8EE5F082}.Debug|Any CPU.ActiveCfg = Debug|Any CPU
		{19171D4C-3014-4580-B4C3-15AE8EE5F082}.Debug|Any CPU.Build.0 = Debug|Any CPU
		{19171D4C-3014-4580-B4C3-15AE8EE5F082}.Debug|x64.ActiveCfg = Debug|Any CPU
		{19171D4C-3014-4580-B4C3-15AE8EE5F082}.Debug|x64.Build.0 = Debug|Any CPU
		{19171D4C-3014-4580-B4C3-15AE8EE5F082}.Debug|x86.ActiveCfg = Debug|Any CPU
		{19171D4C-3014-4580-B4C3-15AE8EE5F082}.Debug|x86.Build.0 = Debug|Any CPU
		{19171D4C-3014-4580-B4C3-15AE8EE5F082}.Release|Any CPU.ActiveCfg = Release|Any CPU
		{19171D4C-3014-4580-B4C3-15AE8EE5F082}.Release|Any CPU.Build.0 = Release|Any CPU
		{19171D4C-3014-4580-B4C3-15AE8EE5F082}.Release|x64.ActiveCfg = Release|Any CPU
		{19171D4C-3014-4580-B4C3-15AE8EE5F082}.Release|x64.Build.0 = Release|Any CPU
		{19171D4C-3014-4580-B4C3-15AE8EE5F082}.Release|x86.ActiveCfg = Release|Any CPU
		{19171D4C-3014-4580-B4C3-15AE8EE5F082}.Release|x86.Build.0 = Release|Any CPU
		{D15E4004-C5AF-4123-9998-E60EF374D532}.Debug|Any CPU.ActiveCfg = Debug|Any CPU
		{D15E4004-C5AF-4123-9998-E60EF374D532}.Debug|Any CPU.Build.0 = Debug|Any CPU
		{D15E4004-C5AF-4123-9998-E60EF374D532}.Debug|x64.ActiveCfg = Debug|Any CPU
		{D15E4004-C5AF-4123-9998-E60EF374D532}.Debug|x64.Build.0 = Debug|Any CPU
		{D15E4004-C5AF-4123-9998-E60EF374D532}.Debug|x86.ActiveCfg = Debug|Any CPU
		{D15E4004-C5AF-4123-9998-E60EF374D532}.Debug|x86.Build.0 = Debug|Any CPU
		{D15E4004-C5AF-4123-9998-E60EF374D532}.Release|Any CPU.ActiveCfg = Release|Any CPU
		{D15E4004-C5AF-4123-9998-E60EF374D532}.Release|Any CPU.Build.0 = Release|Any CPU
		{D15E4004-C5AF-4123-9998-E60EF374D532}.Release|x64.ActiveCfg = Release|Any CPU
		{D15E4004-C5AF-4123-9998-E60EF374D532}.Release|x64.Build.0 = Release|Any CPU
		{D15E4004-C5AF-4123-9998-E60EF374D532}.Release|x86.ActiveCfg = Release|Any CPU
		{D15E4004-C5AF-4123-9998-E60EF374D532}.Release|x86.Build.0 = Release|Any CPU
		{C0F2164F-21A4-45A9-9175-21D5DE1228AF}.Debug|Any CPU.ActiveCfg = Debug|Any CPU
		{C0F2164F-21A4-45A9-9175-21D5DE1228AF}.Debug|Any CPU.Build.0 = Debug|Any CPU
		{C0F2164F-21A4-45A9-9175-21D5DE1228AF}.Debug|x64.ActiveCfg = Debug|Any CPU
		{C0F2164F-21A4-45A9-9175-21D5DE1228AF}.Debug|x64.Build.0 = Debug|Any CPU
		{C0F2164F-21A4-45A9-9175-21D5DE1228AF}.Debug|x86.ActiveCfg = Debug|Any CPU
		{C0F2164F-21A4-45A9-9175-21D5DE1228AF}.Debug|x86.Build.0 = Debug|Any CPU
		{C0F2164F-21A4-45A9-9175-21D5DE1228AF}.Release|Any CPU.ActiveCfg = Release|Any CPU
		{C0F2164F-21A4-45A9-9175-21D5DE1228AF}.Release|Any CPU.Build.0 = Release|Any CPU
		{C0F2164F-21A4-45A9-9175-21D5DE1228AF}.Release|x64.ActiveCfg = Release|Any CPU
		{C0F2164F-21A4-45A9-9175-21D5DE1228AF}.Release|x64.Build.0 = Release|Any CPU
		{C0F2164F-21A4-45A9-9175-21D5DE1228AF}.Release|x86.ActiveCfg = Release|Any CPU
		{C0F2164F-21A4-45A9-9175-21D5DE1228AF}.Release|x86.Build.0 = Release|Any CPU
		{38296614-64EB-4F06-B75F-D563C3F87424}.Debug|Any CPU.ActiveCfg = Debug|Any CPU
		{38296614-64EB-4F06-B75F-D563C3F87424}.Debug|Any CPU.Build.0 = Debug|Any CPU
		{38296614-64EB-4F06-B75F-D563C3F87424}.Debug|x64.ActiveCfg = Debug|Any CPU
		{38296614-64EB-4F06-B75F-D563C3F87424}.Debug|x64.Build.0 = Debug|Any CPU
		{38296614-64EB-4F06-B75F-D563C3F87424}.Debug|x86.ActiveCfg = Debug|Any CPU
		{38296614-64EB-4F06-B75F-D563C3F87424}.Debug|x86.Build.0 = Debug|Any CPU
		{38296614-64EB-4F06-B75F-D563C3F87424}.Release|Any CPU.ActiveCfg = Release|Any CPU
		{38296614-64EB-4F06-B75F-D563C3F87424}.Release|Any CPU.Build.0 = Release|Any CPU
		{38296614-64EB-4F06-B75F-D563C3F87424}.Release|x64.ActiveCfg = Release|Any CPU
		{38296614-64EB-4F06-B75F-D563C3F87424}.Release|x64.Build.0 = Release|Any CPU
		{38296614-64EB-4F06-B75F-D563C3F87424}.Release|x86.ActiveCfg = Release|Any CPU
		{38296614-64EB-4F06-B75F-D563C3F87424}.Release|x86.Build.0 = Release|Any CPU
		{C0318184-2CF0-4D84-A713-255C341072F0}.Debug|Any CPU.ActiveCfg = Debug|Any CPU
		{C0318184-2CF0-4D84-A713-255C341072F0}.Debug|Any CPU.Build.0 = Debug|Any CPU
		{C0318184-2CF0-4D84-A713-255C341072F0}.Debug|x64.ActiveCfg = Debug|Any CPU
		{C0318184-2CF0-4D84-A713-255C341072F0}.Debug|x64.Build.0 = Debug|Any CPU
		{C0318184-2CF0-4D84-A713-255C341072F0}.Debug|x86.ActiveCfg = Debug|Any CPU
		{C0318184-2CF0-4D84-A713-255C341072F0}.Debug|x86.Build.0 = Debug|Any CPU
		{C0318184-2CF0-4D84-A713-255C341072F0}.Release|Any CPU.ActiveCfg = Release|Any CPU
		{C0318184-2CF0-4D84-A713-255C341072F0}.Release|Any CPU.Build.0 = Release|Any CPU
		{C0318184-2CF0-4D84-A713-255C341072F0}.Release|x64.ActiveCfg = Release|Any CPU
		{C0318184-2CF0-4D84-A713-255C341072F0}.Release|x64.Build.0 = Release|Any CPU
		{C0318184-2CF0-4D84-A713-255C341072F0}.Release|x86.ActiveCfg = Release|Any CPU
		{C0318184-2CF0-4D84-A713-255C341072F0}.Release|x86.Build.0 = Release|Any CPU
		{D4D43970-AD58-441E-95C6-BD3EE6D745DD}.Debug|Any CPU.ActiveCfg = Debug|Any CPU
		{D4D43970-AD58-441E-95C6-BD3EE6D745DD}.Debug|Any CPU.Build.0 = Debug|Any CPU
		{D4D43970-AD58-441E-95C6-BD3EE6D745DD}.Debug|x64.ActiveCfg = Debug|Any CPU
		{D4D43970-AD58-441E-95C6-BD3EE6D745DD}.Debug|x64.Build.0 = Debug|Any CPU
		{D4D43970-AD58-441E-95C6-BD3EE6D745DD}.Debug|x86.ActiveCfg = Debug|Any CPU
		{D4D43970-AD58-441E-95C6-BD3EE6D745DD}.Debug|x86.Build.0 = Debug|Any CPU
		{D4D43970-AD58-441E-95C6-BD3EE6D745DD}.Release|Any CPU.ActiveCfg = Release|Any CPU
		{D4D43970-AD58-441E-95C6-BD3EE6D745DD}.Release|Any CPU.Build.0 = Release|Any CPU
		{D4D43970-AD58-441E-95C6-BD3EE6D745DD}.Release|x64.ActiveCfg = Release|Any CPU
		{D4D43970-AD58-441E-95C6-BD3EE6D745DD}.Release|x64.Build.0 = Release|Any CPU
		{D4D43970-AD58-441E-95C6-BD3EE6D745DD}.Release|x86.ActiveCfg = Release|Any CPU
		{D4D43970-AD58-441E-95C6-BD3EE6D745DD}.Release|x86.Build.0 = Release|Any CPU
		{2B344A5E-0C51-4089-BBDE-5CA4304D3EB1}.Debug|Any CPU.ActiveCfg = Debug|Any CPU
		{2B344A5E-0C51-4089-BBDE-5CA4304D3EB1}.Debug|Any CPU.Build.0 = Debug|Any CPU
		{2B344A5E-0C51-4089-BBDE-5CA4304D3EB1}.Debug|x64.ActiveCfg = Debug|Any CPU
		{2B344A5E-0C51-4089-BBDE-5CA4304D3EB1}.Debug|x64.Build.0 = Debug|Any CPU
		{2B344A5E-0C51-4089-BBDE-5CA4304D3EB1}.Debug|x86.ActiveCfg = Debug|Any CPU
		{2B344A5E-0C51-4089-BBDE-5CA4304D3EB1}.Debug|x86.Build.0 = Debug|Any CPU
		{2B344A5E-0C51-4089-BBDE-5CA4304D3EB1}.Release|Any CPU.ActiveCfg = Release|Any CPU
		{2B344A5E-0C51-4089-BBDE-5CA4304D3EB1}.Release|Any CPU.Build.0 = Release|Any CPU
		{2B344A5E-0C51-4089-BBDE-5CA4304D3EB1}.Release|x64.ActiveCfg = Release|Any CPU
		{2B344A5E-0C51-4089-BBDE-5CA4304D3EB1}.Release|x64.Build.0 = Release|Any CPU
		{2B344A5E-0C51-4089-BBDE-5CA4304D3EB1}.Release|x86.ActiveCfg = Release|Any CPU
		{2B344A5E-0C51-4089-BBDE-5CA4304D3EB1}.Release|x86.Build.0 = Release|Any CPU
		{E13DC410-6EB3-4239-998D-A29E5AB17482}.Debug|Any CPU.ActiveCfg = Debug|Any CPU
		{E13DC410-6EB3-4239-998D-A29E5AB17482}.Debug|Any CPU.Build.0 = Debug|Any CPU
		{E13DC410-6EB3-4239-998D-A29E5AB17482}.Debug|x64.ActiveCfg = Debug|Any CPU
		{E13DC410-6EB3-4239-998D-A29E5AB17482}.Debug|x64.Build.0 = Debug|Any CPU
		{E13DC410-6EB3-4239-998D-A29E5AB17482}.Debug|x86.ActiveCfg = Debug|Any CPU
		{E13DC410-6EB3-4239-998D-A29E5AB17482}.Debug|x86.Build.0 = Debug|Any CPU
		{E13DC410-6EB3-4239-998D-A29E5AB17482}.Release|Any CPU.ActiveCfg = Release|Any CPU
		{E13DC410-6EB3-4239-998D-A29E5AB17482}.Release|Any CPU.Build.0 = Release|Any CPU
		{E13DC410-6EB3-4239-998D-A29E5AB17482}.Release|x64.ActiveCfg = Release|Any CPU
		{E13DC410-6EB3-4239-998D-A29E5AB17482}.Release|x64.Build.0 = Release|Any CPU
		{E13DC410-6EB3-4239-998D-A29E5AB17482}.Release|x86.ActiveCfg = Release|Any CPU
		{E13DC410-6EB3-4239-998D-A29E5AB17482}.Release|x86.Build.0 = Release|Any CPU
		{F2A452B8-3E5B-4CE2-8A16-7ABAEFA9EAEC}.Debug|Any CPU.ActiveCfg = Debug|Any CPU
		{F2A452B8-3E5B-4CE2-8A16-7ABAEFA9EAEC}.Debug|Any CPU.Build.0 = Debug|Any CPU
		{F2A452B8-3E5B-4CE2-8A16-7ABAEFA9EAEC}.Debug|x64.ActiveCfg = Debug|Any CPU
		{F2A452B8-3E5B-4CE2-8A16-7ABAEFA9EAEC}.Debug|x64.Build.0 = Debug|Any CPU
		{F2A452B8-3E5B-4CE2-8A16-7ABAEFA9EAEC}.Debug|x86.ActiveCfg = Debug|Any CPU
		{F2A452B8-3E5B-4CE2-8A16-7ABAEFA9EAEC}.Debug|x86.Build.0 = Debug|Any CPU
		{F2A452B8-3E5B-4CE2-8A16-7ABAEFA9EAEC}.Release|Any CPU.ActiveCfg = Release|Any CPU
		{F2A452B8-3E5B-4CE2-8A16-7ABAEFA9EAEC}.Release|Any CPU.Build.0 = Release|Any CPU
		{F2A452B8-3E5B-4CE2-8A16-7ABAEFA9EAEC}.Release|x64.ActiveCfg = Release|Any CPU
		{F2A452B8-3E5B-4CE2-8A16-7ABAEFA9EAEC}.Release|x64.Build.0 = Release|Any CPU
		{F2A452B8-3E5B-4CE2-8A16-7ABAEFA9EAEC}.Release|x86.ActiveCfg = Release|Any CPU
		{F2A452B8-3E5B-4CE2-8A16-7ABAEFA9EAEC}.Release|x86.Build.0 = Release|Any CPU
		{40AC65E9-9AC8-4218-A419-BB9ECE397471}.Debug|Any CPU.ActiveCfg = Debug|Any CPU
		{40AC65E9-9AC8-4218-A419-BB9ECE397471}.Debug|Any CPU.Build.0 = Debug|Any CPU
		{40AC65E9-9AC8-4218-A419-BB9ECE397471}.Debug|x64.ActiveCfg = Debug|Any CPU
		{40AC65E9-9AC8-4218-A419-BB9ECE397471}.Debug|x64.Build.0 = Debug|Any CPU
		{40AC65E9-9AC8-4218-A419-BB9ECE397471}.Debug|x86.ActiveCfg = Debug|Any CPU
		{40AC65E9-9AC8-4218-A419-BB9ECE397471}.Debug|x86.Build.0 = Debug|Any CPU
		{40AC65E9-9AC8-4218-A419-BB9ECE397471}.Release|Any CPU.ActiveCfg = Release|Any CPU
		{40AC65E9-9AC8-4218-A419-BB9ECE397471}.Release|Any CPU.Build.0 = Release|Any CPU
		{40AC65E9-9AC8-4218-A419-BB9ECE397471}.Release|x64.ActiveCfg = Release|Any CPU
		{40AC65E9-9AC8-4218-A419-BB9ECE397471}.Release|x64.Build.0 = Release|Any CPU
		{40AC65E9-9AC8-4218-A419-BB9ECE397471}.Release|x86.ActiveCfg = Release|Any CPU
		{40AC65E9-9AC8-4218-A419-BB9ECE397471}.Release|x86.Build.0 = Release|Any CPU
		{1F8D7B76-4748-406D-819A-23E5D414F846}.Debug|Any CPU.ActiveCfg = Debug|Any CPU
		{1F8D7B76-4748-406D-819A-23E5D414F846}.Debug|Any CPU.Build.0 = Debug|Any CPU
		{1F8D7B76-4748-406D-819A-23E5D414F846}.Debug|x64.ActiveCfg = Debug|Any CPU
		{1F8D7B76-4748-406D-819A-23E5D414F846}.Debug|x64.Build.0 = Debug|Any CPU
		{1F8D7B76-4748-406D-819A-23E5D414F846}.Debug|x86.ActiveCfg = Debug|Any CPU
		{1F8D7B76-4748-406D-819A-23E5D414F846}.Debug|x86.Build.0 = Debug|Any CPU
		{1F8D7B76-4748-406D-819A-23E5D414F846}.Release|Any CPU.ActiveCfg = Release|Any CPU
		{1F8D7B76-4748-406D-819A-23E5D414F846}.Release|Any CPU.Build.0 = Release|Any CPU
		{1F8D7B76-4748-406D-819A-23E5D414F846}.Release|x64.ActiveCfg = Release|Any CPU
		{1F8D7B76-4748-406D-819A-23E5D414F846}.Release|x64.Build.0 = Release|Any CPU
		{1F8D7B76-4748-406D-819A-23E5D414F846}.Release|x86.ActiveCfg = Release|Any CPU
		{1F8D7B76-4748-406D-819A-23E5D414F846}.Release|x86.Build.0 = Release|Any CPU
		{AD3091B1-F206-4026-B288-1B16FCD97653}.Debug|Any CPU.ActiveCfg = Debug|Any CPU
		{AD3091B1-F206-4026-B288-1B16FCD97653}.Debug|Any CPU.Build.0 = Debug|Any CPU
		{AD3091B1-F206-4026-B288-1B16FCD97653}.Debug|x64.ActiveCfg = Debug|Any CPU
		{AD3091B1-F206-4026-B288-1B16FCD97653}.Debug|x64.Build.0 = Debug|Any CPU
		{AD3091B1-F206-4026-B288-1B16FCD97653}.Debug|x86.ActiveCfg = Debug|Any CPU
		{AD3091B1-F206-4026-B288-1B16FCD97653}.Debug|x86.Build.0 = Debug|Any CPU
		{AD3091B1-F206-4026-B288-1B16FCD97653}.Release|Any CPU.ActiveCfg = Debug|Any CPU
		{AD3091B1-F206-4026-B288-1B16FCD97653}.Release|Any CPU.Build.0 = Debug|Any CPU
		{AD3091B1-F206-4026-B288-1B16FCD97653}.Release|x64.ActiveCfg = Debug|Any CPU
		{AD3091B1-F206-4026-B288-1B16FCD97653}.Release|x64.Build.0 = Debug|Any CPU
		{AD3091B1-F206-4026-B288-1B16FCD97653}.Release|x86.ActiveCfg = Debug|Any CPU
		{AD3091B1-F206-4026-B288-1B16FCD97653}.Release|x86.Build.0 = Debug|Any CPU
		{C92076C4-F90E-4700-AA48-A257C94AB8F3}.Debug|Any CPU.ActiveCfg = Debug|Any CPU
		{C92076C4-F90E-4700-AA48-A257C94AB8F3}.Debug|Any CPU.Build.0 = Debug|Any CPU
		{C92076C4-F90E-4700-AA48-A257C94AB8F3}.Debug|x64.ActiveCfg = Debug|Any CPU
		{C92076C4-F90E-4700-AA48-A257C94AB8F3}.Debug|x64.Build.0 = Debug|Any CPU
		{C92076C4-F90E-4700-AA48-A257C94AB8F3}.Debug|x86.ActiveCfg = Debug|Any CPU
		{C92076C4-F90E-4700-AA48-A257C94AB8F3}.Debug|x86.Build.0 = Debug|Any CPU
		{C92076C4-F90E-4700-AA48-A257C94AB8F3}.Release|Any CPU.ActiveCfg = Release|Any CPU
		{C92076C4-F90E-4700-AA48-A257C94AB8F3}.Release|Any CPU.Build.0 = Release|Any CPU
		{C92076C4-F90E-4700-AA48-A257C94AB8F3}.Release|x64.ActiveCfg = Release|Any CPU
		{C92076C4-F90E-4700-AA48-A257C94AB8F3}.Release|x64.Build.0 = Release|Any CPU
		{C92076C4-F90E-4700-AA48-A257C94AB8F3}.Release|x86.ActiveCfg = Release|Any CPU
		{C92076C4-F90E-4700-AA48-A257C94AB8F3}.Release|x86.Build.0 = Release|Any CPU
		{57964E6B-F53D-4EC8-BE65-7EDA2BD1D485}.Debug|Any CPU.ActiveCfg = Debug|Any CPU
		{57964E6B-F53D-4EC8-BE65-7EDA2BD1D485}.Debug|Any CPU.Build.0 = Debug|Any CPU
		{57964E6B-F53D-4EC8-BE65-7EDA2BD1D485}.Debug|x64.ActiveCfg = Debug|Any CPU
		{57964E6B-F53D-4EC8-BE65-7EDA2BD1D485}.Debug|x64.Build.0 = Debug|Any CPU
		{57964E6B-F53D-4EC8-BE65-7EDA2BD1D485}.Debug|x86.ActiveCfg = Debug|Any CPU
		{57964E6B-F53D-4EC8-BE65-7EDA2BD1D485}.Debug|x86.Build.0 = Debug|Any CPU
		{57964E6B-F53D-4EC8-BE65-7EDA2BD1D485}.Release|Any CPU.ActiveCfg = Release|Any CPU
		{57964E6B-F53D-4EC8-BE65-7EDA2BD1D485}.Release|Any CPU.Build.0 = Release|Any CPU
		{57964E6B-F53D-4EC8-BE65-7EDA2BD1D485}.Release|x64.ActiveCfg = Release|Any CPU
		{57964E6B-F53D-4EC8-BE65-7EDA2BD1D485}.Release|x64.Build.0 = Release|Any CPU
		{57964E6B-F53D-4EC8-BE65-7EDA2BD1D485}.Release|x86.ActiveCfg = Release|Any CPU
		{57964E6B-F53D-4EC8-BE65-7EDA2BD1D485}.Release|x86.Build.0 = Release|Any CPU
	EndGlobalSection
	GlobalSection(NestedProjects) = preSolution
		{CCFFAFD5-0EDC-4FB4-8C24-85CC2FA8C3F6} = {9B80F5AB-0D34-4BB4-8EF3-AC303C6BDD85}
		{EA64DD35-7A49-4B7A-9085-26E39E147535} = {8C7890F3-C115-4C92-BA02-6A291CC7281A}
		{5D28E854-F418-48E0-8C44-11F5EE24A6DE} = {EA64DD35-7A49-4B7A-9085-26E39E147535}
		{19171D4C-3014-4580-B4C3-15AE8EE5F082} = {EA64DD35-7A49-4B7A-9085-26E39E147535}
		{D21488EF-1E71-48D7-A311-1F51C305DAAA} = {EA64DD35-7A49-4B7A-9085-26E39E147535}
		{D15E4004-C5AF-4123-9998-E60EF374D532} = {D21488EF-1E71-48D7-A311-1F51C305DAAA}
		{C0F2164F-21A4-45A9-9175-21D5DE1228AF} = {D21488EF-1E71-48D7-A311-1F51C305DAAA}
		{38296614-64EB-4F06-B75F-D563C3F87424} = {D21488EF-1E71-48D7-A311-1F51C305DAAA}
		{C0318184-2CF0-4D84-A713-255C341072F0} = {EA64DD35-7A49-4B7A-9085-26E39E147535}
		{D4D43970-AD58-441E-95C6-BD3EE6D745DD} = {EA64DD35-7A49-4B7A-9085-26E39E147535}
		{2B344A5E-0C51-4089-BBDE-5CA4304D3EB1} = {EA64DD35-7A49-4B7A-9085-26E39E147535}
		{E13DC410-6EB3-4239-998D-A29E5AB17482} = {EA64DD35-7A49-4B7A-9085-26E39E147535}
		{F2A452B8-3E5B-4CE2-8A16-7ABAEFA9EAEC} = {EA64DD35-7A49-4B7A-9085-26E39E147535}
		{40AC65E9-9AC8-4218-A419-BB9ECE397471} = {EA64DD35-7A49-4B7A-9085-26E39E147535}
		{1F8D7B76-4748-406D-819A-23E5D414F846} = {EA64DD35-7A49-4B7A-9085-26E39E147535}
		{AD3091B1-F206-4026-B288-1B16FCD97653} = {8C7890F3-C115-4C92-BA02-6A291CC7281A}
		{C92076C4-F90E-4700-AA48-A257C94AB8F3} = {EA64DD35-7A49-4B7A-9085-26E39E147535}
		{57964E6B-F53D-4EC8-BE65-7EDA2BD1D485} = {8C7890F3-C115-4C92-BA02-6A291CC7281A}
	EndGlobalSection
EndGlobal
