
Microsoft Visual Studio Solution File, Format Version 12.00
# Visual Studio 15
VisualStudioVersion = 15.0.26124.0
MinimumVisualStudioVersion = 15.0.26124.0
Project("{2150E333-8FDC-42A3-9474-1A3956D46DE8}") = "src", "src", "{8C7890F3-C115-4C92-BA02-6A291CC7281A}"
EndProject
Project("{2150E333-8FDC-42A3-9474-1A3956D46DE8}") = "tests", "tests", "{9B80F5AB-0D34-4BB4-8EF3-AC303C6BDD85}"
EndProject
Project("{FAE04EC0-301F-11D3-BF4B-00C04F79EFBC}") = "BuildTasks", "src\BuildTasks\BuildTasks.csproj", "{DADFC41E-F317-43F8-95FF-B2D99B06A754}"
EndProject
Project("{FAE04EC0-301F-11D3-BF4B-00C04F79EFBC}") = "CoreTests", "tests\Core\CoreTests.csproj", "{CCFFAFD5-0EDC-4FB4-8C24-85CC2FA8C3F6}"
EndProject
Project("{2150E333-8FDC-42A3-9474-1A3956D46DE8}") = "Core", "Core", "{EA64DD35-7A49-4B7A-9085-26E39E147535}"
EndProject
Project("{FAE04EC0-301F-11D3-BF4B-00C04F79EFBC}") = "ApprovalNotification", "src\Core\ApprovalNotification\ApprovalNotification.csproj", "{5D28E854-F418-48E0-8C44-11F5EE24A6DE}"
EndProject
Project("{FAE04EC0-301F-11D3-BF4B-00C04F79EFBC}") = "ApprovalWebhook", "src\Core\ApprovalWebhook\ApprovalWebhook.csproj", "{19171D4C-3014-4580-B4C3-15AE8EE5F082}"
EndProject
Project("{2150E333-8FDC-42A3-9474-1A3956D46DE8}") = "AwsUtils", "AwsUtils", "{D21488EF-1E71-48D7-A311-1F51C305DAAA}"
EndProject
Project("{FAE04EC0-301F-11D3-BF4B-00C04F79EFBC}") = "AwsUtils.Common", "src\Core\AwsUtils\Common\AwsUtils.Common.csproj", "{D15E4004-C5AF-4123-9998-E60EF374D532}"
EndProject
Project("{FAE04EC0-301F-11D3-BF4B-00C04F79EFBC}") = "CloudFormation", "src\Core\AwsUtils\CloudFormation\CloudFormation.csproj", "{C912E988-6F8F-423D-8FE9-9864C3EA0443}"
EndProject
Project("{FAE04EC0-301F-11D3-BF4B-00C04F79EFBC}") = "KeyManagementService", "src\Core\AwsUtils\KeyManagementService\KeyManagementService.csproj", "{C0F2164F-21A4-45A9-9175-21D5DE1228AF}"
EndProject
Project("{FAE04EC0-301F-11D3-BF4B-00C04F79EFBC}") = "SimpleStorageService", "src\Core\AwsUtils\SimpleStorageService\SimpleStorageService.csproj", "{38296614-64EB-4F06-B75F-D563C3F87424}"
EndProject
Project("{FAE04EC0-301F-11D3-BF4B-00C04F79EFBC}") = "Common", "src\Core\Common\Common.csproj", "{0FAD2F46-ADCC-466E-9C46-7FDB1E8BACE0}"
EndProject
Project("{FAE04EC0-301F-11D3-BF4B-00C04F79EFBC}") = "DeploymentSupersession", "src\Core\DeploymentSupersession\DeploymentSupersession.csproj", "{C0318184-2CF0-4D84-A713-255C341072F0}"
EndProject
Project("{FAE04EC0-301F-11D3-BF4B-00C04F79EFBC}") = "ExtractFileFromZip", "src\Core\ExtractFileFromZip\ExtractFileFromZip.csproj", "{D4D43970-AD58-441E-95C6-BD3EE6D745DD}"
EndProject
Project("{FAE04EC0-301F-11D3-BF4B-00C04F79EFBC}") = "GithubUtils", "src\Core\GithubUtils\GithubUtils.csproj", "{92C27724-0B1B-4F63-9AAB-A75E18EC64F2}"
EndProject
Project("{FAE04EC0-301F-11D3-BF4B-00C04F79EFBC}") = "GithubWebhook", "src\Core\GithubWebhook\GithubWebhook.csproj", "{2B344A5E-0C51-4089-BBDE-5CA4304D3EB1}"
EndProject
Project("{FAE04EC0-301F-11D3-BF4B-00C04F79EFBC}") = "S3Deployment", "src\Core\S3Deployment\S3Deployment.csproj", "{E13DC410-6EB3-4239-998D-A29E5AB17482}"
EndProject
Project("{FAE04EC0-301F-11D3-BF4B-00C04F79EFBC}") = "StackDeployment", "src\Core\StackDeployment\StackDeployment.csproj", "{F2A452B8-3E5B-4CE2-8A16-7ABAEFA9EAEC}"
EndProject
Project("{FAE04EC0-301F-11D3-BF4B-00C04F79EFBC}") = "StackDeploymentStatus", "src\Core\StackDeploymentStatus\StackDeploymentStatus.csproj", "{40AC65E9-9AC8-4218-A419-BB9ECE397471}"
EndProject
Project("{FAE04EC0-301F-11D3-BF4B-00C04F79EFBC}") = "UpdateTargets", "src\Core\UpdateTargets\UpdateTargets.csproj", "{09DE6696-591D-49BD-B20E-E946FAF4F45F}"
EndProject
Project("{2150E333-8FDC-42A3-9474-1A3956D46DE8}") = "EndToEnd", "EndToEnd", "{324CAB3C-FC66-4BB0-AA82-4D07F634C6D1}"
EndProject
Project("{FAE04EC0-301F-11D3-BF4B-00C04F79EFBC}") = "GithubWebhookEndToEnd", "tests\EndToEnd\GithubWebhook\GithubWebhookEndToEnd.csproj", "{84881F1E-689E-4E04-94F8-7556EDC0CC00}"
EndProject
Global
	GlobalSection(SolutionConfigurationPlatforms) = preSolution
		Debug|Any CPU = Debug|Any CPU
		Debug|x64 = Debug|x64
		Debug|x86 = Debug|x86
		Release|Any CPU = Release|Any CPU
		Release|x64 = Release|x64
		Release|x86 = Release|x86
	EndGlobalSection
	GlobalSection(SolutionProperties) = preSolution
		HideSolutionNode = FALSE
	EndGlobalSection
	GlobalSection(ProjectConfigurationPlatforms) = postSolution
		{DADFC41E-F317-43F8-95FF-B2D99B06A754}.Debug|Any CPU.ActiveCfg = Debug|Any CPU
		{DADFC41E-F317-43F8-95FF-B2D99B06A754}.Debug|Any CPU.Build.0 = Debug|Any CPU
		{DADFC41E-F317-43F8-95FF-B2D99B06A754}.Debug|x64.ActiveCfg = Debug|Any CPU
		{DADFC41E-F317-43F8-95FF-B2D99B06A754}.Debug|x64.Build.0 = Debug|Any CPU
		{DADFC41E-F317-43F8-95FF-B2D99B06A754}.Debug|x86.ActiveCfg = Debug|Any CPU
		{DADFC41E-F317-43F8-95FF-B2D99B06A754}.Debug|x86.Build.0 = Debug|Any CPU
		{DADFC41E-F317-43F8-95FF-B2D99B06A754}.Release|Any CPU.ActiveCfg = Release|Any CPU
		{DADFC41E-F317-43F8-95FF-B2D99B06A754}.Release|Any CPU.Build.0 = Release|Any CPU
		{DADFC41E-F317-43F8-95FF-B2D99B06A754}.Release|x64.ActiveCfg = Release|Any CPU
		{DADFC41E-F317-43F8-95FF-B2D99B06A754}.Release|x64.Build.0 = Release|Any CPU
		{DADFC41E-F317-43F8-95FF-B2D99B06A754}.Release|x86.ActiveCfg = Release|Any CPU
		{DADFC41E-F317-43F8-95FF-B2D99B06A754}.Release|x86.Build.0 = Release|Any CPU
		{CCFFAFD5-0EDC-4FB4-8C24-85CC2FA8C3F6}.Debug|Any CPU.ActiveCfg = Debug|Any CPU
		{CCFFAFD5-0EDC-4FB4-8C24-85CC2FA8C3F6}.Debug|Any CPU.Build.0 = Debug|Any CPU
		{CCFFAFD5-0EDC-4FB4-8C24-85CC2FA8C3F6}.Debug|x64.ActiveCfg = Debug|Any CPU
		{CCFFAFD5-0EDC-4FB4-8C24-85CC2FA8C3F6}.Debug|x64.Build.0 = Debug|Any CPU
		{CCFFAFD5-0EDC-4FB4-8C24-85CC2FA8C3F6}.Debug|x86.ActiveCfg = Debug|Any CPU
		{CCFFAFD5-0EDC-4FB4-8C24-85CC2FA8C3F6}.Debug|x86.Build.0 = Debug|Any CPU
		{CCFFAFD5-0EDC-4FB4-8C24-85CC2FA8C3F6}.Release|Any CPU.ActiveCfg = Release|Any CPU
		{CCFFAFD5-0EDC-4FB4-8C24-85CC2FA8C3F6}.Release|Any CPU.Build.0 = Release|Any CPU
		{CCFFAFD5-0EDC-4FB4-8C24-85CC2FA8C3F6}.Release|x64.ActiveCfg = Release|Any CPU
		{CCFFAFD5-0EDC-4FB4-8C24-85CC2FA8C3F6}.Release|x64.Build.0 = Release|Any CPU
		{CCFFAFD5-0EDC-4FB4-8C24-85CC2FA8C3F6}.Release|x86.ActiveCfg = Release|Any CPU
		{CCFFAFD5-0EDC-4FB4-8C24-85CC2FA8C3F6}.Release|x86.Build.0 = Release|Any CPU
		{5D28E854-F418-48E0-8C44-11F5EE24A6DE}.Debug|Any CPU.ActiveCfg = Debug|Any CPU
		{5D28E854-F418-48E0-8C44-11F5EE24A6DE}.Debug|Any CPU.Build.0 = Debug|Any CPU
		{5D28E854-F418-48E0-8C44-11F5EE24A6DE}.Debug|x64.ActiveCfg = Debug|Any CPU
		{5D28E854-F418-48E0-8C44-11F5EE24A6DE}.Debug|x64.Build.0 = Debug|Any CPU
		{5D28E854-F418-48E0-8C44-11F5EE24A6DE}.Debug|x86.ActiveCfg = Debug|Any CPU
		{5D28E854-F418-48E0-8C44-11F5EE24A6DE}.Debug|x86.Build.0 = Debug|Any CPU
		{5D28E854-F418-48E0-8C44-11F5EE24A6DE}.Release|Any CPU.ActiveCfg = Release|Any CPU
		{5D28E854-F418-48E0-8C44-11F5EE24A6DE}.Release|Any CPU.Build.0 = Release|Any CPU
		{5D28E854-F418-48E0-8C44-11F5EE24A6DE}.Release|x64.ActiveCfg = Release|Any CPU
		{5D28E854-F418-48E0-8C44-11F5EE24A6DE}.Release|x64.Build.0 = Release|Any CPU
		{5D28E854-F418-48E0-8C44-11F5EE24A6DE}.Release|x86.ActiveCfg = Release|Any CPU
		{5D28E854-F418-48E0-8C44-11F5EE24A6DE}.Release|x86.Build.0 = Release|Any CPU
		{19171D4C-3014-4580-B4C3-15AE8EE5F082}.Debug|Any CPU.ActiveCfg = Debug|Any CPU
		{19171D4C-3014-4580-B4C3-15AE8EE5F082}.Debug|Any CPU.Build.0 = Debug|Any CPU
		{19171D4C-3014-4580-B4C3-15AE8EE5F082}.Debug|x64.ActiveCfg = Debug|Any CPU
		{19171D4C-3014-4580-B4C3-15AE8EE5F082}.Debug|x64.Build.0 = Debug|Any CPU
		{19171D4C-3014-4580-B4C3-15AE8EE5F082}.Debug|x86.ActiveCfg = Debug|Any CPU
		{19171D4C-3014-4580-B4C3-15AE8EE5F082}.Debug|x86.Build.0 = Debug|Any CPU
		{19171D4C-3014-4580-B4C3-15AE8EE5F082}.Release|Any CPU.ActiveCfg = Release|Any CPU
		{19171D4C-3014-4580-B4C3-15AE8EE5F082}.Release|Any CPU.Build.0 = Release|Any CPU
		{19171D4C-3014-4580-B4C3-15AE8EE5F082}.Release|x64.ActiveCfg = Release|Any CPU
		{19171D4C-3014-4580-B4C3-15AE8EE5F082}.Release|x64.Build.0 = Release|Any CPU
		{19171D4C-3014-4580-B4C3-15AE8EE5F082}.Release|x86.ActiveCfg = Release|Any CPU
		{19171D4C-3014-4580-B4C3-15AE8EE5F082}.Release|x86.Build.0 = Release|Any CPU
		{D15E4004-C5AF-4123-9998-E60EF374D532}.Debug|Any CPU.ActiveCfg = Debug|Any CPU
		{D15E4004-C5AF-4123-9998-E60EF374D532}.Debug|Any CPU.Build.0 = Debug|Any CPU
		{D15E4004-C5AF-4123-9998-E60EF374D532}.Debug|x64.ActiveCfg = Debug|Any CPU
		{D15E4004-C5AF-4123-9998-E60EF374D532}.Debug|x64.Build.0 = Debug|Any CPU
		{D15E4004-C5AF-4123-9998-E60EF374D532}.Debug|x86.ActiveCfg = Debug|Any CPU
		{D15E4004-C5AF-4123-9998-E60EF374D532}.Debug|x86.Build.0 = Debug|Any CPU
		{D15E4004-C5AF-4123-9998-E60EF374D532}.Release|Any CPU.ActiveCfg = Release|Any CPU
		{D15E4004-C5AF-4123-9998-E60EF374D532}.Release|Any CPU.Build.0 = Release|Any CPU
		{D15E4004-C5AF-4123-9998-E60EF374D532}.Release|x64.ActiveCfg = Release|Any CPU
		{D15E4004-C5AF-4123-9998-E60EF374D532}.Release|x64.Build.0 = Release|Any CPU
		{D15E4004-C5AF-4123-9998-E60EF374D532}.Release|x86.ActiveCfg = Release|Any CPU
		{D15E4004-C5AF-4123-9998-E60EF374D532}.Release|x86.Build.0 = Release|Any CPU
		{C912E988-6F8F-423D-8FE9-9864C3EA0443}.Debug|Any CPU.ActiveCfg = Debug|Any CPU
		{C912E988-6F8F-423D-8FE9-9864C3EA0443}.Debug|Any CPU.Build.0 = Debug|Any CPU
		{C912E988-6F8F-423D-8FE9-9864C3EA0443}.Debug|x64.ActiveCfg = Debug|Any CPU
		{C912E988-6F8F-423D-8FE9-9864C3EA0443}.Debug|x64.Build.0 = Debug|Any CPU
		{C912E988-6F8F-423D-8FE9-9864C3EA0443}.Debug|x86.ActiveCfg = Debug|Any CPU
		{C912E988-6F8F-423D-8FE9-9864C3EA0443}.Debug|x86.Build.0 = Debug|Any CPU
		{C912E988-6F8F-423D-8FE9-9864C3EA0443}.Release|Any CPU.ActiveCfg = Release|Any CPU
		{C912E988-6F8F-423D-8FE9-9864C3EA0443}.Release|Any CPU.Build.0 = Release|Any CPU
		{C912E988-6F8F-423D-8FE9-9864C3EA0443}.Release|x64.ActiveCfg = Release|Any CPU
		{C912E988-6F8F-423D-8FE9-9864C3EA0443}.Release|x64.Build.0 = Release|Any CPU
		{C912E988-6F8F-423D-8FE9-9864C3EA0443}.Release|x86.ActiveCfg = Release|Any CPU
		{C912E988-6F8F-423D-8FE9-9864C3EA0443}.Release|x86.Build.0 = Release|Any CPU
		{C0F2164F-21A4-45A9-9175-21D5DE1228AF}.Debug|Any CPU.ActiveCfg = Debug|Any CPU
		{C0F2164F-21A4-45A9-9175-21D5DE1228AF}.Debug|Any CPU.Build.0 = Debug|Any CPU
		{C0F2164F-21A4-45A9-9175-21D5DE1228AF}.Debug|x64.ActiveCfg = Debug|Any CPU
		{C0F2164F-21A4-45A9-9175-21D5DE1228AF}.Debug|x64.Build.0 = Debug|Any CPU
		{C0F2164F-21A4-45A9-9175-21D5DE1228AF}.Debug|x86.ActiveCfg = Debug|Any CPU
		{C0F2164F-21A4-45A9-9175-21D5DE1228AF}.Debug|x86.Build.0 = Debug|Any CPU
		{C0F2164F-21A4-45A9-9175-21D5DE1228AF}.Release|Any CPU.ActiveCfg = Release|Any CPU
		{C0F2164F-21A4-45A9-9175-21D5DE1228AF}.Release|Any CPU.Build.0 = Release|Any CPU
		{C0F2164F-21A4-45A9-9175-21D5DE1228AF}.Release|x64.ActiveCfg = Release|Any CPU
		{C0F2164F-21A4-45A9-9175-21D5DE1228AF}.Release|x64.Build.0 = Release|Any CPU
		{C0F2164F-21A4-45A9-9175-21D5DE1228AF}.Release|x86.ActiveCfg = Release|Any CPU
		{C0F2164F-21A4-45A9-9175-21D5DE1228AF}.Release|x86.Build.0 = Release|Any CPU
		{38296614-64EB-4F06-B75F-D563C3F87424}.Debug|Any CPU.ActiveCfg = Debug|Any CPU
		{38296614-64EB-4F06-B75F-D563C3F87424}.Debug|Any CPU.Build.0 = Debug|Any CPU
		{38296614-64EB-4F06-B75F-D563C3F87424}.Debug|x64.ActiveCfg = Debug|Any CPU
		{38296614-64EB-4F06-B75F-D563C3F87424}.Debug|x64.Build.0 = Debug|Any CPU
		{38296614-64EB-4F06-B75F-D563C3F87424}.Debug|x86.ActiveCfg = Debug|Any CPU
		{38296614-64EB-4F06-B75F-D563C3F87424}.Debug|x86.Build.0 = Debug|Any CPU
		{38296614-64EB-4F06-B75F-D563C3F87424}.Release|Any CPU.ActiveCfg = Release|Any CPU
		{38296614-64EB-4F06-B75F-D563C3F87424}.Release|Any CPU.Build.0 = Release|Any CPU
		{38296614-64EB-4F06-B75F-D563C3F87424}.Release|x64.ActiveCfg = Release|Any CPU
		{38296614-64EB-4F06-B75F-D563C3F87424}.Release|x64.Build.0 = Release|Any CPU
		{38296614-64EB-4F06-B75F-D563C3F87424}.Release|x86.ActiveCfg = Release|Any CPU
		{38296614-64EB-4F06-B75F-D563C3F87424}.Release|x86.Build.0 = Release|Any CPU
		{0FAD2F46-ADCC-466E-9C46-7FDB1E8BACE0}.Debug|Any CPU.ActiveCfg = Debug|Any CPU
		{0FAD2F46-ADCC-466E-9C46-7FDB1E8BACE0}.Debug|Any CPU.Build.0 = Debug|Any CPU
		{0FAD2F46-ADCC-466E-9C46-7FDB1E8BACE0}.Debug|x64.ActiveCfg = Debug|Any CPU
		{0FAD2F46-ADCC-466E-9C46-7FDB1E8BACE0}.Debug|x64.Build.0 = Debug|Any CPU
		{0FAD2F46-ADCC-466E-9C46-7FDB1E8BACE0}.Debug|x86.ActiveCfg = Debug|Any CPU
		{0FAD2F46-ADCC-466E-9C46-7FDB1E8BACE0}.Debug|x86.Build.0 = Debug|Any CPU
		{0FAD2F46-ADCC-466E-9C46-7FDB1E8BACE0}.Release|Any CPU.ActiveCfg = Release|Any CPU
		{0FAD2F46-ADCC-466E-9C46-7FDB1E8BACE0}.Release|Any CPU.Build.0 = Release|Any CPU
		{0FAD2F46-ADCC-466E-9C46-7FDB1E8BACE0}.Release|x64.ActiveCfg = Release|Any CPU
		{0FAD2F46-ADCC-466E-9C46-7FDB1E8BACE0}.Release|x64.Build.0 = Release|Any CPU
		{0FAD2F46-ADCC-466E-9C46-7FDB1E8BACE0}.Release|x86.ActiveCfg = Release|Any CPU
		{0FAD2F46-ADCC-466E-9C46-7FDB1E8BACE0}.Release|x86.Build.0 = Release|Any CPU
		{C0318184-2CF0-4D84-A713-255C341072F0}.Debug|Any CPU.ActiveCfg = Debug|Any CPU
		{C0318184-2CF0-4D84-A713-255C341072F0}.Debug|Any CPU.Build.0 = Debug|Any CPU
		{C0318184-2CF0-4D84-A713-255C341072F0}.Debug|x64.ActiveCfg = Debug|Any CPU
		{C0318184-2CF0-4D84-A713-255C341072F0}.Debug|x64.Build.0 = Debug|Any CPU
		{C0318184-2CF0-4D84-A713-255C341072F0}.Debug|x86.ActiveCfg = Debug|Any CPU
		{C0318184-2CF0-4D84-A713-255C341072F0}.Debug|x86.Build.0 = Debug|Any CPU
		{C0318184-2CF0-4D84-A713-255C341072F0}.Release|Any CPU.ActiveCfg = Release|Any CPU
		{C0318184-2CF0-4D84-A713-255C341072F0}.Release|Any CPU.Build.0 = Release|Any CPU
		{C0318184-2CF0-4D84-A713-255C341072F0}.Release|x64.ActiveCfg = Release|Any CPU
		{C0318184-2CF0-4D84-A713-255C341072F0}.Release|x64.Build.0 = Release|Any CPU
		{C0318184-2CF0-4D84-A713-255C341072F0}.Release|x86.ActiveCfg = Release|Any CPU
		{C0318184-2CF0-4D84-A713-255C341072F0}.Release|x86.Build.0 = Release|Any CPU
		{D4D43970-AD58-441E-95C6-BD3EE6D745DD}.Debug|Any CPU.ActiveCfg = Debug|Any CPU
		{D4D43970-AD58-441E-95C6-BD3EE6D745DD}.Debug|Any CPU.Build.0 = Debug|Any CPU
		{D4D43970-AD58-441E-95C6-BD3EE6D745DD}.Debug|x64.ActiveCfg = Debug|Any CPU
		{D4D43970-AD58-441E-95C6-BD3EE6D745DD}.Debug|x64.Build.0 = Debug|Any CPU
		{D4D43970-AD58-441E-95C6-BD3EE6D745DD}.Debug|x86.ActiveCfg = Debug|Any CPU
		{D4D43970-AD58-441E-95C6-BD3EE6D745DD}.Debug|x86.Build.0 = Debug|Any CPU
		{D4D43970-AD58-441E-95C6-BD3EE6D745DD}.Release|Any CPU.ActiveCfg = Release|Any CPU
		{D4D43970-AD58-441E-95C6-BD3EE6D745DD}.Release|Any CPU.Build.0 = Release|Any CPU
		{D4D43970-AD58-441E-95C6-BD3EE6D745DD}.Release|x64.ActiveCfg = Release|Any CPU
		{D4D43970-AD58-441E-95C6-BD3EE6D745DD}.Release|x64.Build.0 = Release|Any CPU
		{D4D43970-AD58-441E-95C6-BD3EE6D745DD}.Release|x86.ActiveCfg = Release|Any CPU
		{D4D43970-AD58-441E-95C6-BD3EE6D745DD}.Release|x86.Build.0 = Release|Any CPU
		{92C27724-0B1B-4F63-9AAB-A75E18EC64F2}.Debug|Any CPU.ActiveCfg = Debug|Any CPU
		{92C27724-0B1B-4F63-9AAB-A75E18EC64F2}.Debug|Any CPU.Build.0 = Debug|Any CPU
		{92C27724-0B1B-4F63-9AAB-A75E18EC64F2}.Debug|x64.ActiveCfg = Debug|Any CPU
		{92C27724-0B1B-4F63-9AAB-A75E18EC64F2}.Debug|x64.Build.0 = Debug|Any CPU
		{92C27724-0B1B-4F63-9AAB-A75E18EC64F2}.Debug|x86.ActiveCfg = Debug|Any CPU
		{92C27724-0B1B-4F63-9AAB-A75E18EC64F2}.Debug|x86.Build.0 = Debug|Any CPU
		{92C27724-0B1B-4F63-9AAB-A75E18EC64F2}.Release|Any CPU.ActiveCfg = Release|Any CPU
		{92C27724-0B1B-4F63-9AAB-A75E18EC64F2}.Release|Any CPU.Build.0 = Release|Any CPU
		{92C27724-0B1B-4F63-9AAB-A75E18EC64F2}.Release|x64.ActiveCfg = Release|Any CPU
		{92C27724-0B1B-4F63-9AAB-A75E18EC64F2}.Release|x64.Build.0 = Release|Any CPU
		{92C27724-0B1B-4F63-9AAB-A75E18EC64F2}.Release|x86.ActiveCfg = Release|Any CPU
		{92C27724-0B1B-4F63-9AAB-A75E18EC64F2}.Release|x86.Build.0 = Release|Any CPU
		{2B344A5E-0C51-4089-BBDE-5CA4304D3EB1}.Debug|Any CPU.ActiveCfg = Debug|Any CPU
		{2B344A5E-0C51-4089-BBDE-5CA4304D3EB1}.Debug|Any CPU.Build.0 = Debug|Any CPU
		{2B344A5E-0C51-4089-BBDE-5CA4304D3EB1}.Debug|x64.ActiveCfg = Debug|Any CPU
		{2B344A5E-0C51-4089-BBDE-5CA4304D3EB1}.Debug|x64.Build.0 = Debug|Any CPU
		{2B344A5E-0C51-4089-BBDE-5CA4304D3EB1}.Debug|x86.ActiveCfg = Debug|Any CPU
		{2B344A5E-0C51-4089-BBDE-5CA4304D3EB1}.Debug|x86.Build.0 = Debug|Any CPU
		{2B344A5E-0C51-4089-BBDE-5CA4304D3EB1}.Release|Any CPU.ActiveCfg = Release|Any CPU
		{2B344A5E-0C51-4089-BBDE-5CA4304D3EB1}.Release|Any CPU.Build.0 = Release|Any CPU
		{2B344A5E-0C51-4089-BBDE-5CA4304D3EB1}.Release|x64.ActiveCfg = Release|Any CPU
		{2B344A5E-0C51-4089-BBDE-5CA4304D3EB1}.Release|x64.Build.0 = Release|Any CPU
		{2B344A5E-0C51-4089-BBDE-5CA4304D3EB1}.Release|x86.ActiveCfg = Release|Any CPU
		{2B344A5E-0C51-4089-BBDE-5CA4304D3EB1}.Release|x86.Build.0 = Release|Any CPU
		{E13DC410-6EB3-4239-998D-A29E5AB17482}.Debug|Any CPU.ActiveCfg = Debug|Any CPU
		{E13DC410-6EB3-4239-998D-A29E5AB17482}.Debug|Any CPU.Build.0 = Debug|Any CPU
		{E13DC410-6EB3-4239-998D-A29E5AB17482}.Debug|x64.ActiveCfg = Debug|Any CPU
		{E13DC410-6EB3-4239-998D-A29E5AB17482}.Debug|x64.Build.0 = Debug|Any CPU
		{E13DC410-6EB3-4239-998D-A29E5AB17482}.Debug|x86.ActiveCfg = Debug|Any CPU
		{E13DC410-6EB3-4239-998D-A29E5AB17482}.Debug|x86.Build.0 = Debug|Any CPU
		{E13DC410-6EB3-4239-998D-A29E5AB17482}.Release|Any CPU.ActiveCfg = Release|Any CPU
		{E13DC410-6EB3-4239-998D-A29E5AB17482}.Release|Any CPU.Build.0 = Release|Any CPU
		{E13DC410-6EB3-4239-998D-A29E5AB17482}.Release|x64.ActiveCfg = Release|Any CPU
		{E13DC410-6EB3-4239-998D-A29E5AB17482}.Release|x64.Build.0 = Release|Any CPU
		{E13DC410-6EB3-4239-998D-A29E5AB17482}.Release|x86.ActiveCfg = Release|Any CPU
		{E13DC410-6EB3-4239-998D-A29E5AB17482}.Release|x86.Build.0 = Release|Any CPU
		{F2A452B8-3E5B-4CE2-8A16-7ABAEFA9EAEC}.Debug|Any CPU.ActiveCfg = Debug|Any CPU
		{F2A452B8-3E5B-4CE2-8A16-7ABAEFA9EAEC}.Debug|Any CPU.Build.0 = Debug|Any CPU
		{F2A452B8-3E5B-4CE2-8A16-7ABAEFA9EAEC}.Debug|x64.ActiveCfg = Debug|Any CPU
		{F2A452B8-3E5B-4CE2-8A16-7ABAEFA9EAEC}.Debug|x64.Build.0 = Debug|Any CPU
		{F2A452B8-3E5B-4CE2-8A16-7ABAEFA9EAEC}.Debug|x86.ActiveCfg = Debug|Any CPU
		{F2A452B8-3E5B-4CE2-8A16-7ABAEFA9EAEC}.Debug|x86.Build.0 = Debug|Any CPU
		{F2A452B8-3E5B-4CE2-8A16-7ABAEFA9EAEC}.Release|Any CPU.ActiveCfg = Release|Any CPU
		{F2A452B8-3E5B-4CE2-8A16-7ABAEFA9EAEC}.Release|Any CPU.Build.0 = Release|Any CPU
		{F2A452B8-3E5B-4CE2-8A16-7ABAEFA9EAEC}.Release|x64.ActiveCfg = Release|Any CPU
		{F2A452B8-3E5B-4CE2-8A16-7ABAEFA9EAEC}.Release|x64.Build.0 = Release|Any CPU
		{F2A452B8-3E5B-4CE2-8A16-7ABAEFA9EAEC}.Release|x86.ActiveCfg = Release|Any CPU
		{F2A452B8-3E5B-4CE2-8A16-7ABAEFA9EAEC}.Release|x86.Build.0 = Release|Any CPU
		{40AC65E9-9AC8-4218-A419-BB9ECE397471}.Debug|Any CPU.ActiveCfg = Debug|Any CPU
		{40AC65E9-9AC8-4218-A419-BB9ECE397471}.Debug|Any CPU.Build.0 = Debug|Any CPU
		{40AC65E9-9AC8-4218-A419-BB9ECE397471}.Debug|x64.ActiveCfg = Debug|Any CPU
		{40AC65E9-9AC8-4218-A419-BB9ECE397471}.Debug|x64.Build.0 = Debug|Any CPU
		{40AC65E9-9AC8-4218-A419-BB9ECE397471}.Debug|x86.ActiveCfg = Debug|Any CPU
		{40AC65E9-9AC8-4218-A419-BB9ECE397471}.Debug|x86.Build.0 = Debug|Any CPU
		{40AC65E9-9AC8-4218-A419-BB9ECE397471}.Release|Any CPU.ActiveCfg = Release|Any CPU
		{40AC65E9-9AC8-4218-A419-BB9ECE397471}.Release|Any CPU.Build.0 = Release|Any CPU
		{40AC65E9-9AC8-4218-A419-BB9ECE397471}.Release|x64.ActiveCfg = Release|Any CPU
		{40AC65E9-9AC8-4218-A419-BB9ECE397471}.Release|x64.Build.0 = Release|Any CPU
		{40AC65E9-9AC8-4218-A419-BB9ECE397471}.Release|x86.ActiveCfg = Release|Any CPU
		{40AC65E9-9AC8-4218-A419-BB9ECE397471}.Release|x86.Build.0 = Release|Any CPU
		{09DE6696-591D-49BD-B20E-E946FAF4F45F}.Debug|Any CPU.ActiveCfg = Debug|Any CPU
		{09DE6696-591D-49BD-B20E-E946FAF4F45F}.Debug|Any CPU.Build.0 = Debug|Any CPU
		{09DE6696-591D-49BD-B20E-E946FAF4F45F}.Debug|x64.ActiveCfg = Debug|Any CPU
		{09DE6696-591D-49BD-B20E-E946FAF4F45F}.Debug|x64.Build.0 = Debug|Any CPU
		{09DE6696-591D-49BD-B20E-E946FAF4F45F}.Debug|x86.ActiveCfg = Debug|Any CPU
		{09DE6696-591D-49BD-B20E-E946FAF4F45F}.Debug|x86.Build.0 = Debug|Any CPU
		{09DE6696-591D-49BD-B20E-E946FAF4F45F}.Release|Any CPU.ActiveCfg = Release|Any CPU
		{09DE6696-591D-49BD-B20E-E946FAF4F45F}.Release|Any CPU.Build.0 = Release|Any CPU
		{09DE6696-591D-49BD-B20E-E946FAF4F45F}.Release|x64.ActiveCfg = Release|Any CPU
		{09DE6696-591D-49BD-B20E-E946FAF4F45F}.Release|x64.Build.0 = Release|Any CPU
		{09DE6696-591D-49BD-B20E-E946FAF4F45F}.Release|x86.ActiveCfg = Release|Any CPU
		{09DE6696-591D-49BD-B20E-E946FAF4F45F}.Release|x86.Build.0 = Release|Any CPU
		{84881F1E-689E-4E04-94F8-7556EDC0CC00}.Debug|Any CPU.ActiveCfg = Debug|Any CPU
		{84881F1E-689E-4E04-94F8-7556EDC0CC00}.Debug|Any CPU.Build.0 = Debug|Any CPU
		{84881F1E-689E-4E04-94F8-7556EDC0CC00}.Debug|x64.ActiveCfg = Debug|Any CPU
		{84881F1E-689E-4E04-94F8-7556EDC0CC00}.Debug|x64.Build.0 = Debug|Any CPU
		{84881F1E-689E-4E04-94F8-7556EDC0CC00}.Debug|x86.ActiveCfg = Debug|Any CPU
		{84881F1E-689E-4E04-94F8-7556EDC0CC00}.Debug|x86.Build.0 = Debug|Any CPU
		{84881F1E-689E-4E04-94F8-7556EDC0CC00}.Release|Any CPU.ActiveCfg = Release|Any CPU
		{84881F1E-689E-4E04-94F8-7556EDC0CC00}.Release|Any CPU.Build.0 = Release|Any CPU
		{84881F1E-689E-4E04-94F8-7556EDC0CC00}.Release|x64.ActiveCfg = Release|Any CPU
		{84881F1E-689E-4E04-94F8-7556EDC0CC00}.Release|x64.Build.0 = Release|Any CPU
		{84881F1E-689E-4E04-94F8-7556EDC0CC00}.Release|x86.ActiveCfg = Release|Any CPU
		{84881F1E-689E-4E04-94F8-7556EDC0CC00}.Release|x86.Build.0 = Release|Any CPU
	EndGlobalSection
	GlobalSection(NestedProjects) = preSolution
		{DADFC41E-F317-43F8-95FF-B2D99B06A754} = {8C7890F3-C115-4C92-BA02-6A291CC7281A}
		{CCFFAFD5-0EDC-4FB4-8C24-85CC2FA8C3F6} = {9B80F5AB-0D34-4BB4-8EF3-AC303C6BDD85}
		{EA64DD35-7A49-4B7A-9085-26E39E147535} = {8C7890F3-C115-4C92-BA02-6A291CC7281A}
		{5D28E854-F418-48E0-8C44-11F5EE24A6DE} = {EA64DD35-7A49-4B7A-9085-26E39E147535}
		{19171D4C-3014-4580-B4C3-15AE8EE5F082} = {EA64DD35-7A49-4B7A-9085-26E39E147535}
		{D21488EF-1E71-48D7-A311-1F51C305DAAA} = {EA64DD35-7A49-4B7A-9085-26E39E147535}
		{D15E4004-C5AF-4123-9998-E60EF374D532} = {D21488EF-1E71-48D7-A311-1F51C305DAAA}
		{C912E988-6F8F-423D-8FE9-9864C3EA0443} = {D21488EF-1E71-48D7-A311-1F51C305DAAA}
		{C0F2164F-21A4-45A9-9175-21D5DE1228AF} = {D21488EF-1E71-48D7-A311-1F51C305DAAA}
		{38296614-64EB-4F06-B75F-D563C3F87424} = {D21488EF-1E71-48D7-A311-1F51C305DAAA}
		{0FAD2F46-ADCC-466E-9C46-7FDB1E8BACE0} = {EA64DD35-7A49-4B7A-9085-26E39E147535}
		{C0318184-2CF0-4D84-A713-255C341072F0} = {EA64DD35-7A49-4B7A-9085-26E39E147535}
		{D4D43970-AD58-441E-95C6-BD3EE6D745DD} = {EA64DD35-7A49-4B7A-9085-26E39E147535}
		{92C27724-0B1B-4F63-9AAB-A75E18EC64F2} = {EA64DD35-7A49-4B7A-9085-26E39E147535}
		{2B344A5E-0C51-4089-BBDE-5CA4304D3EB1} = {EA64DD35-7A49-4B7A-9085-26E39E147535}
		{E13DC410-6EB3-4239-998D-A29E5AB17482} = {EA64DD35-7A49-4B7A-9085-26E39E147535}
		{F2A452B8-3E5B-4CE2-8A16-7ABAEFA9EAEC} = {EA64DD35-7A49-4B7A-9085-26E39E147535}
		{40AC65E9-9AC8-4218-A419-BB9ECE397471} = {EA64DD35-7A49-4B7A-9085-26E39E147535}
		{09DE6696-591D-49BD-B20E-E946FAF4F45F} = {EA64DD35-7A49-4B7A-9085-26E39E147535}
		{324CAB3C-FC66-4BB0-AA82-4D07F634C6D1} = {9B80F5AB-0D34-4BB4-8EF3-AC303C6BDD85}
		{84881F1E-689E-4E04-94F8-7556EDC0CC00} = {324CAB3C-FC66-4BB0-AA82-4D07F634C6D1}
	EndGlobalSection
EndGlobal
