{
  "version": 1,
  "dependencies": {
    ".NETCoreApp,Version=v3.1": {
      "Amazon.Lambda.ApplicationLoadBalancerEvents": {
        "type": "Direct",
        "requested": "[2.0.0, )",
        "resolved": "2.0.0",
        "contentHash": "faB8e3dvWhNsI5hABtiDvKJ5RjeQXlE3cIM3u4pMs0MtQiGbxbuzjiibEd58ojRzz0ijYImy36mxPSGWm1nVtQ=="
      },
      "AWSSDK.CloudFormation": {
        "type": "Direct",
        "requested": "[3.5.0, )",
        "resolved": "3.5.0",
        "contentHash": "AS9lPQ+znYz20fos5wf0APTcEHpa7Csko9W1rORm1R0LX5N8Jv7tnjqDWN4E0waN2tAcjw/d8r2qmoXZUeVxng==",
        "dependencies": {
          "AWSSDK.Core": "[3.5.0, 3.6.0)"
        }
      },
      "AWSSDK.S3": {
        "type": "Direct",
        "requested": "[3.5.0, )",
        "resolved": "3.5.0",
        "contentHash": "CLlXO0FGY8CnzBJGyVrLAi4rTDYaNUzbitEZ6B7qvnVRUOG8HnWS3KU7nk/wm6fJVTpa+CSHoittUzHfZbY2+g==",
        "dependencies": {
          "AWSSDK.Core": "[3.5.0, 3.6.0)"
        }
      },
      "AWSSDK.SecurityToken": {
        "type": "Direct",
        "requested": "[3.5.0, )",
        "resolved": "3.5.0",
        "contentHash": "rrhQYdiSynCneAUlTFZivo7eo6+Sm+FKSWGvfLRN0FmERb53yOB28O5w/o0dmr3B7rZ1kReCU0O0De/WGzA4vw==",
        "dependencies": {
          "AWSSDK.Core": "[3.5.0, 3.6.0)"
        }
      },
      "AWSSDK.StepFunctions": {
        "type": "Direct",
        "requested": "[3.5.0, )",
        "resolved": "3.5.0",
        "contentHash": "qYYacB39ZTHjrOD/oqnZW/rL6IDfMP+YRC8z3q1zNRbDhl9eYWwzhGfyEpK3q628yDFyRmPmIntRsTvETFfYEA==",
        "dependencies": {
          "AWSSDK.Core": "[3.5.0, 3.6.0)"
        }
      },
      "Lambdajection": {
        "type": "Direct",
        "requested": "[0.4.0, )",
        "resolved": "0.4.0",
        "contentHash": "SLFR5fO7s0GyVK0EER8SmfXHPItPoN7QcKN+81kV0U9rVNV6NP4/cCatBtEwQGOBAT+z1/sc14yAXOgnjEaqng==",
        "dependencies": {
          "Cythral.CodeGeneration.Roslyn.Tool": "0.9.1",
          "Lambdajection.Attributes": "0.4.0",
          "Lambdajection.Core": "0.4.0",
          "Lambdajection.Generator": "0.4.0"
        }
      },
      "Lambdajection.Encryption": {
        "type": "Direct",
        "requested": "[0.4.0, )",
        "resolved": "0.4.0",
        "contentHash": "oWay3RcwdJMSAne5B0Ip9jQxPi1TOPxMomgfb/kSHn1j6dlrjqX7tHA/kclx6eK1yP6gvSDYH/1ill0q9nJUHg==",
        "dependencies": {
          "AWSSDK.KeyManagementService": "3.5.0.22"
        }
      },
      "System.Net.Http.Json": {
        "type": "Direct",
        "requested": "[3.2.1, )",
        "resolved": "3.2.1",
        "contentHash": "KkevRTwX9uMYxuxG2/wSql8FIAItB89XT36zoh6hraQkFhf2yjotDswpAKzeuaEuMhAia6c50oZMkP1PJoYufQ==",
        "dependencies": {
          "System.Text.Json": "4.7.2"
        }
      },
      "Amazon.Lambda.Core": {
        "type": "Transitive",
        "resolved": "1.1.0",
        "contentHash": "ueGId8b4DEHoVWkHDs3iAJH8IUSAUGu5AqkoI/Syl4RuByzik7lz9IjoImiGAlGhtsQV02MHNeTo04IFjS37gQ=="
      },
      "Amazon.Lambda.Serialization.SystemTextJson": {
        "type": "Transitive",
        "resolved": "2.0.2",
        "contentHash": "xh6nVPg5Iz75u+KTuSOh1P+L4k2HIi4Qz29LijgCcuZ0tTvmUOpNdWafwzaDD9fN+Q15BmzcO7l35/L3j5OGgA==",
        "dependencies": {
          "Amazon.Lambda.Core": "1.1.0"
        }
      },
      "AWSSDK.Core": {
        "type": "Transitive",
        "resolved": "3.5.1.20",
        "contentHash": "F5ySGV/HiWnNBcei0Fr0A6JXAb+wGYSxCnawuCzoEQGq4BDMEcjpTmrmzxcepaq3kPFJESlosqB/T4DZqIOp5g=="
      },
      "AWSSDK.KeyManagementService": {
        "type": "Transitive",
        "resolved": "3.5.0.22",
        "contentHash": "sFCtvLNcfdyVxrANC/VFMb7pLzAwhUE6rHz0EfzC2VXvtcRp1PL8bbImBsAAoyjM3NupVyXH8tlYdJSoo4B5iA==",
        "dependencies": {
          "AWSSDK.Core": "[3.5.1.20, 3.6.0)"
        }
      },
      "Cythral.CodeGeneration.Roslyn.Tool": {
        "type": "Transitive",
        "resolved": "0.9.1",
        "contentHash": "oDpJq1WkzEt7DQ/t04ul4Em/cAjx43mNUHvDp9Wc/EgM++/Axrjs8vqJm9e+IMmar1F48V7zHyaaGfs7mCcKvQ=="
      },
      "Lambdajection.Attributes": {
        "type": "Transitive",
        "resolved": "0.4.0",
        "contentHash": "HRyXUjgrxVZ9Rn9IODOXJmFGR2ByyawRT8zveu8Nr7OJKRvnw3RnCso845btUDn7chRuIS19e8ZdsVukI7SjVQ=="
      },
      "Lambdajection.Core": {
        "type": "Transitive",
        "resolved": "0.4.0",
        "contentHash": "KdIq7bWb6uWJg/LsmUQPF08/8ooi8ipNC7P+pqDjDsPbO+dapbquwpSl/9x5yp/nGAP7iH9XaXIKNylMBnIRzQ==",
        "dependencies": {
          "Amazon.Lambda.Core": "1.1.0",
          "Amazon.Lambda.Serialization.SystemTextJson": "2.0.2",
          "Lambdajection.Attributes": "0.4.0",
          "Microsoft.Extensions.Configuration": "3.1.8",
          "Microsoft.Extensions.Configuration.EnvironmentVariables": "3.1.8",
          "Microsoft.Extensions.DependencyInjection": "3.1.8",
          "Microsoft.Extensions.Logging": "3.1.8",
          "Microsoft.Extensions.Logging.Console": "3.1.8"
        }
      },
      "Lambdajection.Generator": {
        "type": "Transitive",
        "resolved": "0.4.0",
        "contentHash": "O/9CKIj6lELGTyg1GG2uJZPZK937zOFtLu03w3WrbLXIq3kLGc4Oe18SYQQawdLPf6pLiW/NyLwrP28YhYt9Bw=="
      },
      "Microsoft.Extensions.Configuration": {
        "type": "Transitive",
        "resolved": "3.1.8",
        "contentHash": "xWvtu/ra8xDOy62ZXzQj1ElmmH3GpZBSKvw4LbfNXKCy+PaziS5Uh0gQ47D4H4w3u+PJfhNWCCGCp9ORNEzkRw==",
        "dependencies": {
          "Microsoft.Extensions.Configuration.Abstractions": "3.1.8"
        }
      },
      "Microsoft.Extensions.Configuration.Abstractions": {
        "type": "Transitive",
        "resolved": "3.1.8",
        "contentHash": "0qbNyxGpuNP/fuQ3FLHesm1Vn/83qYcAgVsi1UQCQN1peY4YH1uiizOh4xbYkQyxiVMD/c/zhiYYv94G0DXSSA==",
        "dependencies": {
          "Microsoft.Extensions.Primitives": "3.1.8"
        }
      },
      "Microsoft.Extensions.Configuration.Binder": {
        "type": "Transitive",
        "resolved": "3.1.8",
        "contentHash": "l/oqIWRM4YF62mlCOrIKGUOCemsaID/lngK2SZEtpYI8LrktpjPd4QzvENWj5GebbLbqOtsFhF6Ko6dgzmUnBw==",
        "dependencies": {
          "Microsoft.Extensions.Configuration": "3.1.8"
        }
      },
      "Microsoft.Extensions.Configuration.EnvironmentVariables": {
        "type": "Transitive",
        "resolved": "3.1.8",
        "contentHash": "dptPlBwoGPyxDzrauth1aoBTyjmVwxUmpOc0DMRkkIvMhYPyajhBwFyWAvRDfzt3BXJcxaAJLgWbcAVl+4OzqQ==",
        "dependencies": {
          "Microsoft.Extensions.Configuration": "3.1.8"
        }
      },
      "Microsoft.Extensions.DependencyInjection": {
        "type": "Transitive",
        "resolved": "3.1.8",
        "contentHash": "tUpYcVxFqwh8wVD8O+6A8gJnVtl6L4N1Vd9bLJgQSJ0gjBTUQ/eKwJn0LglkkaDU7GAxODDv4eexgZn3QSE0NQ==",
        "dependencies": {
          "Microsoft.Extensions.DependencyInjection.Abstractions": "3.1.8"
        }
      },
      "Microsoft.Extensions.DependencyInjection.Abstractions": {
        "type": "Transitive",
        "resolved": "3.1.8",
        "contentHash": "YP0kEBkSLTVl3znqZEux+xyJpz5iVNwFZf0OPS7nupdKbojSlO7Fa+JuQjLYpWfpAshaMcznu27tjWzfXRJnOA=="
      },
      "Microsoft.Extensions.Logging": {
        "type": "Transitive",
        "resolved": "3.1.8",
        "contentHash": "Bch88WGwrgJUabSOiTbPgne/jkCcWTyP97db8GWzQH9RcGi6TThiRm8ggsD+OXBW2UBwAYx1Zb1ns1elsMiomQ==",
        "dependencies": {
          "Microsoft.Extensions.Configuration.Binder": "3.1.8",
          "Microsoft.Extensions.DependencyInjection": "3.1.8",
          "Microsoft.Extensions.Logging.Abstractions": "3.1.8",
          "Microsoft.Extensions.Options": "3.1.8"
        }
      },
      "Microsoft.Extensions.Logging.Abstractions": {
        "type": "Transitive",
        "resolved": "3.1.8",
        "contentHash": "LxQPR/KE4P9nx304VcFipWPcW8ZOZOGHuiYlG0ncAQJItogDzR9nyYUNvziLObx2MfX2Z9iCTdAqEtoImaQOYg=="
      },
      "Microsoft.Extensions.Logging.Configuration": {
        "type": "Transitive",
        "resolved": "3.1.8",
        "contentHash": "tfvQYDDwc3ni8VTXQavINMHRUIsM8fQ8gBQTs98mt1QFE3YIVm8XzhqPZMBBlLnXTESymb8HctM2fMnU8qC8Rg==",
        "dependencies": {
          "Microsoft.Extensions.Logging": "3.1.8",
          "Microsoft.Extensions.Options.ConfigurationExtensions": "3.1.8"
        }
      },
      "Microsoft.Extensions.Logging.Console": {
        "type": "Transitive",
        "resolved": "3.1.8",
        "contentHash": "7JCZuqty78ZDwoXOGXGUXMC44rpocfeaa/48ONY7neKhCh2Oml/faW3PANPCdwy6M3TicmU03kIOhyrw3dQ2Eg==",
        "dependencies": {
          "Microsoft.Extensions.Configuration.Abstractions": "3.1.8",
          "Microsoft.Extensions.Logging": "3.1.8",
          "Microsoft.Extensions.Logging.Configuration": "3.1.8"
        }
      },
      "Microsoft.Extensions.Options": {
        "type": "Transitive",
        "resolved": "3.1.8",
        "contentHash": "mpkwjNg5sr1XHEJwVS8G1w6dsh5/72vQOOe4aqhg012j93m8OOmfyIBwoQN4SE0KRRS+fatdW3qqUrHbRwlWOA==",
        "dependencies": {
          "Microsoft.Extensions.DependencyInjection.Abstractions": "3.1.8",
          "Microsoft.Extensions.Primitives": "3.1.8"
        }
      },
      "Microsoft.Extensions.Options.ConfigurationExtensions": {
        "type": "Transitive",
        "resolved": "3.1.8",
        "contentHash": "/q7OhcsgDq6cPqg03nv55QqLt8o/OAvrVkd/w6h0YNasZ4C/Lxpx6I0DsnIH0MB5ORnqCyhmeyv1hFqOeehJng==",
        "dependencies": {
          "Microsoft.Extensions.Configuration.Abstractions": "3.1.8",
          "Microsoft.Extensions.Configuration.Binder": "3.1.8",
          "Microsoft.Extensions.DependencyInjection.Abstractions": "3.1.8",
          "Microsoft.Extensions.Options": "3.1.8"
        }
      },
      "Microsoft.Extensions.Primitives": {
        "type": "Transitive",
        "resolved": "3.1.8",
        "contentHash": "XcIoXQhT0kwnEhOKv/LmpWR6yF6QWmBTy9Fcsz4aHuCOgTJ7Zd23ELtUA4BfwlYoFlSedavS+vURz9tNekd44g=="
      },
      "System.Text.Json": {
        "type": "Transitive",
        "resolved": "4.7.2",
        "contentHash": "TcMd95wcrubm9nHvJEQs70rC0H/8omiSGGpU4FQ/ZA1URIqD4pjmFJh2Mfv1yH1eHgJDWTi2hMDXwTET+zOOyg=="
      }
    }
  }
}