{
  "version": 1,
  "dependencies": {
    "net7.0": {
      "AWSSDK.SecurityToken": {
        "type": "Direct",
        "requested": "[3.7.101.44, )",
        "resolved": "3.7.101.44",
        "contentHash": "6U2aE3nKvehssIDar0caAj6zCSVHaKhgagxZkdAbJzfqKOcOsR3bQLPW7Qc8fLfAGcTWtKMAiEiXUOjcI4pplg==",
        "dependencies": {
          "AWSSDK.Core": "[3.7.106.16, 4.0.0)"
        }
      },
      "AWSSDK.Core": {
        "type": "Transitive",
        "resolved": "3.7.106.16",
        "contentHash": "vDOB78TLxzyYKZlDNx8uwElQxZUy4K42TzH7i5OFhDg/BjwC00F5yjb2Wi0oQMr31KNT6bVyixsaegsC8Qknww=="
      }
    }
  }
}