{
  "version": 1,
  "dependencies": {
    "net6.0": {
      "AWSSDK.S3": {
        "type": "Direct",
        "requested": "[3.7.7.19, )",
        "resolved": "3.7.7.19",
        "contentHash": "RjByIoK6cvbgz6FYczne0K/5L0kXLb4DKA9hUGUtfJQ//cor0X6ojQOrhj8ykdQFIrrph1/ph/UoEPfSxcf6RA==",
        "dependencies": {
          "AWSSDK.Core": "[3.7.6.4, 4.0.0)"
        }
      },
      "AWSSDK.Core": {
        "type": "Transitive",
        "resolved": "3.7.6.4",
        "contentHash": "0QJ0BzsYDOj8hDotth6vGVd/arA0vtOQgI0ovApAnEA5d9bsGpdS7NERPSrDyKL08xT3/pPGAex3OyvF8jNRLw=="
      },
      "AWSSDK.SecurityToken": {
        "type": "Transitive",
        "resolved": "3.7.1.112",
        "contentHash": "J9aGZ+t4vgO77ZVOYu5FBG/j+RZQYdUqPzBTrP+JET2p4pS75+LIvRKWtgshd7yFNDlLF7RO2O0zjLATyT6tVw==",
        "dependencies": {
          "AWSSDK.Core": "[3.7.6.4, 4.0.0)"
        }
      },
      "awsutils.common": {
        "type": "Project",
        "dependencies": {
          "AWSSDK.SecurityToken": "3.7.1.112"
        }
      }
    }
  }
}