{
  "version": 1,
  "dependencies": {
    ".NETCoreApp,Version=v3.1": {
      "AWSSDK.S3": {
        "type": "Direct",
        "requested": "[3.7.1.12, )",
        "resolved": "3.7.1.12",
        "contentHash": "bo4wRds/mSnbCYw45ecesAEmABVgnigSMnea1FHEI6Z0dTQ8/INRzSsOwFD584nC5xe5sSFyn/VXBnUluc274A==",
        "dependencies": {
          "AWSSDK.Core": "[3.7.0.42, 4.0.0)"
        }
      },
      "AWSSDK.Core": {
        "type": "Transitive",
        "resolved": "3.7.0.42",
        "contentHash": "+5A5o248NToq22nUoOv8jPDscwZdL+eyNJqOCFlznLrBLXd9XjYkJ8UBnBpqbAm4SyY/7v/miT4k8fZ8KauyOg=="
      },
      "AWSSDK.SecurityToken": {
        "type": "Transitive",
        "resolved": "3.7.1.26",
        "contentHash": "4aTTjzLZYbfA79OViYwJBi4RmQSflJ4BQ4uP4ZbOCNmxPGdCtPQ12aYxDVqMAwkDz7W/s7jgApmdABHGuXIGsA==",
        "dependencies": {
          "AWSSDK.Core": "[3.7.0.39, 4.0.0)"
        }
      },
      "awsutils.common": {
        "type": "Project",
        "dependencies": {
          "AWSSDK.SecurityToken": "3.7.1.26"
        }
      }
    }
  }
}