{
  "version": 1,
  "dependencies": {
    "net7.0": {
      "AWSSDK.S3": {
        "type": "Direct",
        "requested": "[3.7.104.31, )",
        "resolved": "3.7.104.31",
        "contentHash": "DtWoCe4dWX1bTxsJ7FJ2bvBuHWqcvX8FLzlo6o4mHFYM7XJgdQafVphq/LxxZnjGg8GWisbt06+E4KZ1cqCtyA==",
        "dependencies": {
          "AWSSDK.Core": "[3.7.107.5, 4.0.0)"
        }
      },
      "AWSSDK.Core": {
        "type": "Transitive",
        "resolved": "3.7.107.5",
        "contentHash": "3sdZ62EwcDuE/j45NDMOEld7hhbSdW8NfdpgE3liMMWgBVfbSPPHVoQ/WaDGRubdsbr49mk8QPR8DZnPtRhfiQ=="
      },
      "AWSSDK.SecurityToken": {
        "type": "Transitive",
        "resolved": "3.7.103.13",
        "contentHash": "93HCJyFGqsvtKvzyUIvWz2drVZ2T9DYHnlLzCj9bYe5n3YLg3WRXHzDO+hjY3w5OhsDd7fa6mr7srbmwkSMQpg==",
        "dependencies": {
          "AWSSDK.Core": "[3.7.107.5, 4.0.0)"
        }
      },
      "awsutils.common": {
        "type": "Project",
        "dependencies": {
          "AWSSDK.SecurityToken": "[3.7.103.13, )"
        }
      }
    }
  }
}