{
  "version": 1,
  "dependencies": {
    ".NETCoreApp,Version=v3.1": {
      "AWSSDK.CloudFormation": {
        "type": "Direct",
        "requested": "[3.7.0, )",
        "resolved": "3.7.0",
        "contentHash": "B34e8a9FPFbgNj1NRlmcwmtV1ypQ84twTZgEqHDxcf741ZIcJEti4Y0EjQWQp/Ey6M/1MgDD/0bxS26IgpJMlQ==",
        "dependencies": {
          "AWSSDK.Core": "[3.7.0, 3.8.0)"
        }
      },
      "AWSSDK.StepFunctions": {
        "type": "Direct",
        "requested": "[3.7.0, )",
        "resolved": "3.7.0",
        "contentHash": "A/cWlFZ7dBhvoiaxrMGN3RRlq+HplMI5ar0jgeHw57tQzLg4ijiESs7POnorXrDcEcEca+FUuQ+xfz/TywQ1BA==",
        "dependencies": {
          "AWSSDK.Core": "[3.7.0, 3.8.0)"
        }
      },
      "Cythral.CloudFormation.CustomResource": {
        "type": "Direct",
        "requested": "[0.2.27-alpha, )",
        "resolved": "0.2.27-alpha",
        "contentHash": "G4ZdPsqep/5LljvMLw38dit3TvnSfYI52V+EVYSRZoEFRu87wWDcr7Mdw/8tGcNL40/sEuro9N1iscqCvmklpQ==",
        "dependencies": {
          "Cythral.CloudFormation.CustomResource.Attributes": "0.2.27-alpha",
          "Cythral.CloudFormation.CustomResource.Core": "0.2.27-alpha",
          "Cythral.CloudFormation.CustomResource.Generator": "0.2.27-alpha",
          "Cythral.CodeGeneration.Roslyn.Tool": "0.8.17-alpha-g40a87e6792"
        }
      },
      "NUnitLite": {
        "type": "Direct",
        "requested": "[3.13.2, )",
        "resolved": "3.13.2",
        "contentHash": "1TCpCvhyYLZwDbI9Eglc3nRx7933cvPkHvd2znsUdicUAsHNS+7RDqiD1nxqi4Q14TZTS/lww1NyLTzznEbHMQ==",
        "dependencies": {
          "NETStandard.Library": "2.0.0",
          "NUnit": "[3.13.2]"
        }
      },
      "Octokit": {
        "type": "Direct",
        "requested": "[0.47.0, )",
        "resolved": "0.47.0",
        "contentHash": "q1TWsMEjxG7Eb7YFrXm3MWgSPsMvPKxrIF//tuUPd9i/SS/fG7PerKr088E8AOoAFcHqMqouSrW0iAg2WgskDA=="
      },
      "Amazon.Lambda.Core": {
        "type": "Transitive",
        "resolved": "1.1.0",
        "contentHash": "ueGId8b4DEHoVWkHDs3iAJH8IUSAUGu5AqkoI/Syl4RuByzik7lz9IjoImiGAlGhtsQV02MHNeTo04IFjS37gQ=="
      },
      "AWSSDK.Core": {
        "type": "Transitive",
        "resolved": "3.7.1.1",
        "contentHash": "Ao+vo0M3Oy1A0g7Q3PUSVDYrXD+uIKb1dDuJdC7U5PKOF2TwPdcxIEguHebxfQN4qYDWlXn4NsLk+VZFprhx/Q=="
      },
      "AWSSDK.KeyManagementService": {
        "type": "Transitive",
        "resolved": "3.7.1.14",
        "contentHash": "fJx+5huif5f/oJ291lnwMiAN6V0efy7UEZsedFanhWDsomtEWhctSQeL5ns61PYmfAVPzpaY4UDYaPD5tGxoOQ==",
        "dependencies": {
          "AWSSDK.Core": "[3.7.1.1, 4.0.0)"
        }
      },
      "AWSSDK.SecurityToken": {
        "type": "Transitive",
        "resolved": "3.7.1.35",
        "contentHash": "vzeCy6M8SS0rledzXoQDG0biKMvBejtH5eE0fba26wPLrCQzqWfZ96szALVT0PkzRNAj7bcW06gsEudiCraQUg==",
        "dependencies": {
          "AWSSDK.Core": "[3.7.1.1, 4.0.0)"
        }
      },
      "Cythral.CloudFormation.CustomResource.Attributes": {
        "type": "Transitive",
        "resolved": "0.2.27-alpha",
        "contentHash": "4zsvzDc0LsDol9S6zDzj6cFf4d1Vy9UIcgc/rodG+kP9F5g44h5Q5qG5x2tnzWp6lrCOwG9P4+L4AETH5qyWhQ==",
        "dependencies": {
          "Cythral.CodeGeneration.Roslyn.Attributes": "0.8.17-alpha-g40a87e6792"
        }
      },
      "Cythral.CloudFormation.CustomResource.Core": {
        "type": "Transitive",
        "resolved": "0.2.27-alpha",
        "contentHash": "TZ0HzPxqS77XTbDJ69W8atC6jQzw6EHWZEbfiuM4zGqYA6abzdtg29//usGqIujgWLTH3BZjhEXrST8ooGMbbA==",
        "dependencies": {
          "AWSSDK.Core": "3.3.106.4",
          "Amazon.Lambda.Core": "1.1.0",
          "Cythral.CloudFormation.CustomResource.Attributes": "0.2.27-alpha",
          "System.Text.Json": "4.7.1"
        }
      },
      "Cythral.CloudFormation.CustomResource.Generator": {
        "type": "Transitive",
        "resolved": "0.2.27-alpha",
        "contentHash": "3YMX9IzuxU8QiSgo8vivV4UXsF3ftXMl+lgPB7jNlyVS+XFhohur2iReoL1+7BilzFcldIes7yBkXQW5hKFF+A=="
      },
      "Cythral.CodeGeneration.Roslyn.Attributes": {
        "type": "Transitive",
        "resolved": "0.8.17-alpha-g40a87e6792",
        "contentHash": "Vo2ZYNAYWSfGMpcaJCiSaRf+Lf1BJsde9lMCLjePJDMRUuA+ObjizzxZKCCAk8OwGnnNxEuXC68HtISKr0VGww==",
        "dependencies": {
          "NETStandard.Library": "1.6.1"
        }
      },
      "Cythral.CodeGeneration.Roslyn.Tool": {
        "type": "Transitive",
        "resolved": "0.8.17-alpha-g40a87e6792",
        "contentHash": "gD8ZXGSGvGZike8FB4TB6ELhi20i8zzbMwQTCO+ejAbY7yH4E+0xLACXcQClJysQFvVo2AHUHqgsqkNH/6TvCQ=="
      },
      "Microsoft.NETCore.Platforms": {
        "type": "Transitive",
        "resolved": "1.1.0",
        "contentHash": "kz0PEW2lhqygehI/d6XsPCQzD7ff7gUJaVGPVETX611eadGsA3A877GdSlU0LRVMCTH/+P3o2iDTak+S08V2+A=="
      },
      "NETStandard.Library": {
        "type": "Transitive",
        "resolved": "2.0.0",
        "contentHash": "7jnbRU+L08FXKMxqUflxEXtVymWvNOrS8yHgu9s6EM8Anr6T/wIX4nZ08j/u3Asz+tCufp3YVwFSEvFTPYmBPA==",
        "dependencies": {
          "Microsoft.NETCore.Platforms": "1.1.0"
        }
      },
      "NUnit": {
        "type": "Transitive",
        "resolved": "3.13.2",
        "contentHash": "u+fz/lXyR4vlamySNAEMrXvh+GhAQiB6/aVZtU5WjivR5zF26Ui0tfteDtWqT90k9D8y6g8rFKYQC97Z7d195w==",
        "dependencies": {
          "NETStandard.Library": "2.0.0"
        }
      },
      "System.Text.Json": {
        "type": "Transitive",
        "resolved": "4.7.1",
        "contentHash": "XwzMbct3iNepJaFylN1+l8weWlFburEzXidqleSsLvSXdHSIJHEKtRVKHPlpWcFmJX6k3goPFfVgUfp40RR+bg=="
      },
      "awsutils.common": {
        "type": "Project",
        "dependencies": {
          "AWSSDK.SecurityToken": "3.7.1.35"
        }
      },
      "keymanagementservice": {
        "type": "Project",
        "dependencies": {
          "AWSSDK.KeyManagementService": "3.7.1.14",
          "AwsUtils.Common": "1.0.0"
        }
      }
    }
  }
}