{
  "version": 1,
  "dependencies": {
    ".NETCoreApp,Version=v3.1": {
      "AWSSDK.CloudFormation": {
        "type": "Direct",
        "requested": "[3.5.0, )",
        "resolved": "3.5.0",
        "contentHash": "AS9lPQ+znYz20fos5wf0APTcEHpa7Csko9W1rORm1R0LX5N8Jv7tnjqDWN4E0waN2tAcjw/d8r2qmoXZUeVxng==",
        "dependencies": {
          "AWSSDK.Core": "[3.5.0, 3.6.0)"
        }
      },
      "AWSSDK.StepFunctions": {
        "type": "Direct",
        "requested": "[3.5.0, )",
        "resolved": "3.5.0",
        "contentHash": "qYYacB39ZTHjrOD/oqnZW/rL6IDfMP+YRC8z3q1zNRbDhl9eYWwzhGfyEpK3q628yDFyRmPmIntRsTvETFfYEA==",
        "dependencies": {
          "AWSSDK.Core": "[3.5.0, 3.6.0)"
        }
      },
      "Cythral.CloudFormation.CustomResource": {
        "type": "Direct",
        "requested": "[0.2.24-alpha, )",
        "resolved": "0.2.24-alpha",
        "contentHash": "P0W53+uMy6BmnzanAOP5XRYhJPWxE56IK/o9MZyynThO2NetdjZpFicmY/zW/O3ZM340bRnaMxdFvNvLzhjxoA==",
        "dependencies": {
          "Cythral.CloudFormation.CustomResource.Attributes": "0.2.24-alpha",
          "Cythral.CloudFormation.CustomResource.Core": "0.2.24-alpha",
          "Cythral.CloudFormation.CustomResource.Generator": "0.2.24-alpha",
          "Cythral.CodeGeneration.Roslyn.Tool": "0.8.12-alpha-g888d1d7801"
        }
      },
      "NUnitLite": {
        "type": "Direct",
        "requested": "[3.12.0, )",
        "resolved": "3.12.0",
        "contentHash": "EgY2STVjRNy/1zxuVz1okVx/A7KhoXH9O7MQ7i0zd6qN7MtnlnegP7iHYBNddCeDu4ME0Pn1c0X/vmM9xgoTAg==",
        "dependencies": {
          "NETStandard.Library": "2.0.0",
          "NUnit": "[3.12.0]"
        }
      },
      "Octokit": {
        "type": "Direct",
        "requested": "[0.47.0, )",
        "resolved": "0.47.0",
        "contentHash": "q1TWsMEjxG7Eb7YFrXm3MWgSPsMvPKxrIF//tuUPd9i/SS/fG7PerKr088E8AOoAFcHqMqouSrW0iAg2WgskDA=="
      },
      "Amazon.Lambda.ApplicationLoadBalancerEvents": {
        "type": "Transitive",
        "resolved": "2.0.0",
        "contentHash": "faB8e3dvWhNsI5hABtiDvKJ5RjeQXlE3cIM3u4pMs0MtQiGbxbuzjiibEd58ojRzz0ijYImy36mxPSGWm1nVtQ=="
      },
      "Amazon.Lambda.Core": {
        "type": "Transitive",
        "resolved": "1.1.0",
        "contentHash": "ueGId8b4DEHoVWkHDs3iAJH8IUSAUGu5AqkoI/Syl4RuByzik7lz9IjoImiGAlGhtsQV02MHNeTo04IFjS37gQ=="
      },
      "Amazon.Lambda.Serialization.SystemTextJson": {
        "type": "Transitive",
        "resolved": "2.0.2",
        "contentHash": "xh6nVPg5Iz75u+KTuSOh1P+L4k2HIi4Qz29LijgCcuZ0tTvmUOpNdWafwzaDD9fN+Q15BmzcO7l35/L3j5OGgA==",
        "dependencies": {
          "Amazon.Lambda.Core": "1.1.0"
        }
      },
      "AWSSDK.Core": {
        "type": "Transitive",
        "resolved": "3.5.1.20",
        "contentHash": "F5ySGV/HiWnNBcei0Fr0A6JXAb+wGYSxCnawuCzoEQGq4BDMEcjpTmrmzxcepaq3kPFJESlosqB/T4DZqIOp5g=="
      },
      "AWSSDK.KeyManagementService": {
        "type": "Transitive",
        "resolved": "3.5.0.22",
        "contentHash": "sFCtvLNcfdyVxrANC/VFMb7pLzAwhUE6rHz0EfzC2VXvtcRp1PL8bbImBsAAoyjM3NupVyXH8tlYdJSoo4B5iA==",
        "dependencies": {
          "AWSSDK.Core": "[3.5.1.20, 3.6.0)"
        }
      },
      "AWSSDK.S3": {
        "type": "Transitive",
        "resolved": "3.5.0",
        "contentHash": "CLlXO0FGY8CnzBJGyVrLAi4rTDYaNUzbitEZ6B7qvnVRUOG8HnWS3KU7nk/wm6fJVTpa+CSHoittUzHfZbY2+g==",
        "dependencies": {
          "AWSSDK.Core": "[3.5.0, 3.6.0)"
        }
      },
      "AWSSDK.SecurityToken": {
        "type": "Transitive",
        "resolved": "3.5.0",
        "contentHash": "rrhQYdiSynCneAUlTFZivo7eo6+Sm+FKSWGvfLRN0FmERb53yOB28O5w/o0dmr3B7rZ1kReCU0O0De/WGzA4vw==",
        "dependencies": {
          "AWSSDK.Core": "[3.5.0, 3.6.0)"
        }
      },
      "Cythral.CloudFormation.CustomResource.Attributes": {
        "type": "Transitive",
        "resolved": "0.2.24-alpha",
        "contentHash": "b7ZtrrHw0qxBSD1qm/KgMedykwiaGPO/RKT54hLbsXpDULxy7G0NXQN/05Kl3I+URmuXTK2XVsUbQYfoUgI+zg==",
        "dependencies": {
          "Cythral.CodeGeneration.Roslyn.Attributes": "0.8.12-alpha-g888d1d7801"
        }
      },
      "Cythral.CloudFormation.CustomResource.Core": {
        "type": "Transitive",
        "resolved": "0.2.24-alpha",
        "contentHash": "cwhOvbrYr/O/WsFTEnA6CI6FvEN+dNEm3dD76391mbA+a/MIbG09BS3HXSJ3HXEi2dcnK3cKD3DbZ43QH8By0A==",
        "dependencies": {
          "AWSSDK.Core": "3.3.106.4",
          "Amazon.Lambda.Core": "1.1.0",
          "Cythral.CloudFormation.CustomResource.Attributes": "0.2.24-alpha",
          "System.Text.Json": "4.7.1"
        }
      },
      "Cythral.CloudFormation.CustomResource.Generator": {
        "type": "Transitive",
        "resolved": "0.2.24-alpha",
        "contentHash": "QRxgRV3ydO0INHs+ZxwFnQkrPQ0H4lyYktZy0i3VhN6nFNlBg0HnBQ09XHRf69bZmjdAYEqPZk2ortCo3os7mA=="
      },
      "Cythral.CodeGeneration.Roslyn.Attributes": {
        "type": "Transitive",
        "resolved": "0.8.12-alpha-g888d1d7801",
        "contentHash": "wFdxzyHv3cSRn3nhx3qROlEQ2hMHn1bzJ2E5bWbXLbkznBHI8bZ6qMmKj2gXLDN1rCVo535P4IY33cCD5QWk5w==",
        "dependencies": {
          "NETStandard.Library": "1.6.1"
        }
      },
      "Cythral.CodeGeneration.Roslyn.Tool": {
        "type": "Transitive",
        "resolved": "0.9.1",
        "contentHash": "oDpJq1WkzEt7DQ/t04ul4Em/cAjx43mNUHvDp9Wc/EgM++/Axrjs8vqJm9e+IMmar1F48V7zHyaaGfs7mCcKvQ=="
      },
      "Lambdajection": {
        "type": "Transitive",
        "resolved": "0.4.0",
        "contentHash": "SLFR5fO7s0GyVK0EER8SmfXHPItPoN7QcKN+81kV0U9rVNV6NP4/cCatBtEwQGOBAT+z1/sc14yAXOgnjEaqng==",
        "dependencies": {
          "Cythral.CodeGeneration.Roslyn.Tool": "0.9.1",
          "Lambdajection.Attributes": "0.4.0",
          "Lambdajection.Core": "0.4.0",
          "Lambdajection.Generator": "0.4.0"
        }
      },
      "Lambdajection.Attributes": {
        "type": "Transitive",
        "resolved": "0.4.0",
        "contentHash": "HRyXUjgrxVZ9Rn9IODOXJmFGR2ByyawRT8zveu8Nr7OJKRvnw3RnCso845btUDn7chRuIS19e8ZdsVukI7SjVQ=="
      },
      "Lambdajection.Core": {
        "type": "Transitive",
        "resolved": "0.4.0",
        "contentHash": "KdIq7bWb6uWJg/LsmUQPF08/8ooi8ipNC7P+pqDjDsPbO+dapbquwpSl/9x5yp/nGAP7iH9XaXIKNylMBnIRzQ==",
        "dependencies": {
          "Amazon.Lambda.Core": "1.1.0",
          "Amazon.Lambda.Serialization.SystemTextJson": "2.0.2",
          "Lambdajection.Attributes": "0.4.0",
          "Microsoft.Extensions.Configuration": "3.1.8",
          "Microsoft.Extensions.Configuration.EnvironmentVariables": "3.1.8",
          "Microsoft.Extensions.DependencyInjection": "3.1.8",
          "Microsoft.Extensions.Logging": "3.1.8",
          "Microsoft.Extensions.Logging.Console": "3.1.8"
        }
      },
      "Lambdajection.Encryption": {
        "type": "Transitive",
        "resolved": "0.4.0",
        "contentHash": "oWay3RcwdJMSAne5B0Ip9jQxPi1TOPxMomgfb/kSHn1j6dlrjqX7tHA/kclx6eK1yP6gvSDYH/1ill0q9nJUHg==",
        "dependencies": {
          "AWSSDK.KeyManagementService": "3.5.0.22"
        }
      },
      "Lambdajection.Generator": {
        "type": "Transitive",
        "resolved": "0.4.0",
        "contentHash": "O/9CKIj6lELGTyg1GG2uJZPZK937zOFtLu03w3WrbLXIq3kLGc4Oe18SYQQawdLPf6pLiW/NyLwrP28YhYt9Bw=="
      },
      "Microsoft.Extensions.Configuration": {
        "type": "Transitive",
        "resolved": "3.1.8",
        "contentHash": "xWvtu/ra8xDOy62ZXzQj1ElmmH3GpZBSKvw4LbfNXKCy+PaziS5Uh0gQ47D4H4w3u+PJfhNWCCGCp9ORNEzkRw==",
        "dependencies": {
          "Microsoft.Extensions.Configuration.Abstractions": "3.1.8"
        }
      },
      "Microsoft.Extensions.Configuration.Abstractions": {
        "type": "Transitive",
        "resolved": "3.1.8",
        "contentHash": "0qbNyxGpuNP/fuQ3FLHesm1Vn/83qYcAgVsi1UQCQN1peY4YH1uiizOh4xbYkQyxiVMD/c/zhiYYv94G0DXSSA==",
        "dependencies": {
          "Microsoft.Extensions.Primitives": "3.1.8"
        }
      },
      "Microsoft.Extensions.Configuration.Binder": {
        "type": "Transitive",
        "resolved": "3.1.8",
        "contentHash": "l/oqIWRM4YF62mlCOrIKGUOCemsaID/lngK2SZEtpYI8LrktpjPd4QzvENWj5GebbLbqOtsFhF6Ko6dgzmUnBw==",
        "dependencies": {
          "Microsoft.Extensions.Configuration": "3.1.8"
        }
      },
      "Microsoft.Extensions.Configuration.EnvironmentVariables": {
        "type": "Transitive",
        "resolved": "3.1.8",
        "contentHash": "dptPlBwoGPyxDzrauth1aoBTyjmVwxUmpOc0DMRkkIvMhYPyajhBwFyWAvRDfzt3BXJcxaAJLgWbcAVl+4OzqQ==",
        "dependencies": {
          "Microsoft.Extensions.Configuration": "3.1.8"
        }
      },
      "Microsoft.Extensions.DependencyInjection": {
        "type": "Transitive",
        "resolved": "3.1.8",
        "contentHash": "tUpYcVxFqwh8wVD8O+6A8gJnVtl6L4N1Vd9bLJgQSJ0gjBTUQ/eKwJn0LglkkaDU7GAxODDv4eexgZn3QSE0NQ==",
        "dependencies": {
          "Microsoft.Extensions.DependencyInjection.Abstractions": "3.1.8"
        }
      },
      "Microsoft.Extensions.DependencyInjection.Abstractions": {
        "type": "Transitive",
        "resolved": "3.1.8",
        "contentHash": "YP0kEBkSLTVl3znqZEux+xyJpz5iVNwFZf0OPS7nupdKbojSlO7Fa+JuQjLYpWfpAshaMcznu27tjWzfXRJnOA=="
      },
      "Microsoft.Extensions.Logging": {
        "type": "Transitive",
        "resolved": "3.1.8",
        "contentHash": "Bch88WGwrgJUabSOiTbPgne/jkCcWTyP97db8GWzQH9RcGi6TThiRm8ggsD+OXBW2UBwAYx1Zb1ns1elsMiomQ==",
        "dependencies": {
          "Microsoft.Extensions.Configuration.Binder": "3.1.8",
          "Microsoft.Extensions.DependencyInjection": "3.1.8",
          "Microsoft.Extensions.Logging.Abstractions": "3.1.8",
          "Microsoft.Extensions.Options": "3.1.8"
        }
      },
      "Microsoft.Extensions.Logging.Abstractions": {
        "type": "Transitive",
        "resolved": "3.1.8",
        "contentHash": "LxQPR/KE4P9nx304VcFipWPcW8ZOZOGHuiYlG0ncAQJItogDzR9nyYUNvziLObx2MfX2Z9iCTdAqEtoImaQOYg=="
      },
      "Microsoft.Extensions.Logging.Configuration": {
        "type": "Transitive",
        "resolved": "3.1.8",
        "contentHash": "tfvQYDDwc3ni8VTXQavINMHRUIsM8fQ8gBQTs98mt1QFE3YIVm8XzhqPZMBBlLnXTESymb8HctM2fMnU8qC8Rg==",
        "dependencies": {
          "Microsoft.Extensions.Logging": "3.1.8",
          "Microsoft.Extensions.Options.ConfigurationExtensions": "3.1.8"
        }
      },
      "Microsoft.Extensions.Logging.Console": {
        "type": "Transitive",
        "resolved": "3.1.8",
        "contentHash": "7JCZuqty78ZDwoXOGXGUXMC44rpocfeaa/48ONY7neKhCh2Oml/faW3PANPCdwy6M3TicmU03kIOhyrw3dQ2Eg==",
        "dependencies": {
          "Microsoft.Extensions.Configuration.Abstractions": "3.1.8",
          "Microsoft.Extensions.Logging": "3.1.8",
          "Microsoft.Extensions.Logging.Configuration": "3.1.8"
        }
      },
      "Microsoft.Extensions.Options": {
        "type": "Transitive",
        "resolved": "3.1.8",
        "contentHash": "mpkwjNg5sr1XHEJwVS8G1w6dsh5/72vQOOe4aqhg012j93m8OOmfyIBwoQN4SE0KRRS+fatdW3qqUrHbRwlWOA==",
        "dependencies": {
          "Microsoft.Extensions.DependencyInjection.Abstractions": "3.1.8",
          "Microsoft.Extensions.Primitives": "3.1.8"
        }
      },
      "Microsoft.Extensions.Options.ConfigurationExtensions": {
        "type": "Transitive",
        "resolved": "3.1.8",
        "contentHash": "/q7OhcsgDq6cPqg03nv55QqLt8o/OAvrVkd/w6h0YNasZ4C/Lxpx6I0DsnIH0MB5ORnqCyhmeyv1hFqOeehJng==",
        "dependencies": {
          "Microsoft.Extensions.Configuration.Abstractions": "3.1.8",
          "Microsoft.Extensions.Configuration.Binder": "3.1.8",
          "Microsoft.Extensions.DependencyInjection.Abstractions": "3.1.8",
          "Microsoft.Extensions.Options": "3.1.8"
        }
      },
      "Microsoft.Extensions.Primitives": {
        "type": "Transitive",
        "resolved": "3.1.8",
        "contentHash": "XcIoXQhT0kwnEhOKv/LmpWR6yF6QWmBTy9Fcsz4aHuCOgTJ7Zd23ELtUA4BfwlYoFlSedavS+vURz9tNekd44g=="
      },
      "Microsoft.NETCore.Platforms": {
        "type": "Transitive",
        "resolved": "1.1.0",
        "contentHash": "kz0PEW2lhqygehI/d6XsPCQzD7ff7gUJaVGPVETX611eadGsA3A877GdSlU0LRVMCTH/+P3o2iDTak+S08V2+A=="
      },
      "NETStandard.Library": {
        "type": "Transitive",
        "resolved": "2.0.0",
        "contentHash": "7jnbRU+L08FXKMxqUflxEXtVymWvNOrS8yHgu9s6EM8Anr6T/wIX4nZ08j/u3Asz+tCufp3YVwFSEvFTPYmBPA==",
        "dependencies": {
          "Microsoft.NETCore.Platforms": "1.1.0"
        }
      },
      "NUnit": {
        "type": "Transitive",
        "resolved": "3.12.0",
        "contentHash": "3oJTrcUcT9wmweBUwgUf0f1XIYy6RZq2ziV+RM95HMKAJGsHPN2i3MKK1dAPvDPMRLz799Llj4eyu/STB9Q7OA==",
        "dependencies": {
          "NETStandard.Library": "2.0.0"
        }
      },
      "System.Net.Http.Json": {
        "type": "Transitive",
        "resolved": "3.2.1",
        "contentHash": "KkevRTwX9uMYxuxG2/wSql8FIAItB89XT36zoh6hraQkFhf2yjotDswpAKzeuaEuMhAia6c50oZMkP1PJoYufQ==",
        "dependencies": {
          "System.Text.Json": "4.7.2"
        }
      },
      "System.Text.Json": {
        "type": "Transitive",
        "resolved": "4.7.2",
        "contentHash": "TcMd95wcrubm9nHvJEQs70rC0H/8omiSGGpU4FQ/ZA1URIqD4pjmFJh2Mfv1yH1eHgJDWTi2hMDXwTET+zOOyg=="
      },
      "awsutils.common": {
        "type": "Project",
        "dependencies": {
          "AWSSDK.Core": "3.5.0",
          "AWSSDK.SecurityToken": "3.5.0"
        }
      },
      "githubwebhook": {
        "type": "Project",
        "dependencies": {
          "AWSSDK.CloudFormation": "3.5.0",
          "AWSSDK.S3": "3.5.0",
          "AWSSDK.SecurityToken": "3.5.0",
          "AWSSDK.StepFunctions": "3.5.0",
          "Amazon.Lambda.ApplicationLoadBalancerEvents": "2.0.0",
          "Lambdajection": "0.4.0",
          "Lambdajection.Encryption": "0.4.0",
          "System.Net.Http.Json": "3.2.1"
        }
      },
      "keymanagementservice": {
        "type": "Project",
        "dependencies": {
          "AWSSDK.KeyManagementService": "3.5.0",
          "AwsUtils.Common": "1.0.0"
        }
      }
    }
  }
}