{
  "version": 1,
  "dependencies": {
    "net6.0": {
      "AWSSDK.KeyManagementService": {
        "type": "Direct",
        "requested": "[3.7.3.26, )",
        "resolved": "3.7.3.26",
        "contentHash": "h7IfiCyp5yVIlKVKYqn98bc4h+kWMy7aK/f/Gyro1befpR2XhdwpDY1ZAUwUwksUwokY+1cSfJ7lBKug3EDjGA==",
        "dependencies": {
          "AWSSDK.Core": "[3.7.12.2, 4.0.0)"
        }
      },
      "AWSSDK.Core": {
        "type": "Transitive",
        "resolved": "3.7.12.2",
        "contentHash": "P0VKY4Y3/UWaj7Spn/q/A2utEu5NMuJ7tHWLAB7rcTubsPR7LCuIzBlIypSUgDyS4OWnFxwB1hBHF2iklAR0KA=="
      },
      "AWSSDK.SecurityToken": {
        "type": "Transitive",
        "resolved": "3.7.1.167",
        "contentHash": "ITsuRFaz3qSsWKrjsjOMFeOEp8+7EFdQbg/GXk6YuBKuPurmBCz+ydaLNfbe5Imc+NdG1A/4vCebYFBghZIEWg==",
        "dependencies": {
          "AWSSDK.Core": "[3.7.12.2, 4.0.0)"
        }
      },
      "awsutils.common": {
        "type": "Project",
        "dependencies": {
          "AWSSDK.SecurityToken": "3.7.1.167"
        }
      }
    }
  }
}