{
  "version": 1,
  "dependencies": {
    "net6.0": {
      "AWSSDK.KeyManagementService": {
        "type": "Direct",
        "requested": "[3.7.2.44, )",
        "resolved": "3.7.2.44",
        "contentHash": "fhNh+OjGfdYWsXLZ3usSVZwBc4Ptqe0BLmK+D2d//ciR5WstI2ulNY+ejJ62PzC033LmeTAWh89OghsY4R6YSQ==",
        "dependencies": {
          "AWSSDK.Core": "[3.7.4.4, 4.0.0)"
        }
      },
      "AWSSDK.Core": {
        "type": "Transitive",
        "resolved": "3.7.4.4",
        "contentHash": "5CVA9hnBsQ6eA0MFFUi4nXSvugZ09H5Zmbp2+MxhxkiCF8hbAa3PGnsvbkzLAPlos4+B4n6mvycGulJIkOOwoQ=="
      },
      "AWSSDK.SecurityToken": {
        "type": "Transitive",
        "resolved": "3.7.1.89",
        "contentHash": "eGW0aSzV4k14dQAKwFIDxMPXrp26Te2tvsAKRQhmxlyI+4xiVe55XDHWu48rxlaq9RaQdn/xshFlTkdrb4Ahfg==",
        "dependencies": {
          "AWSSDK.Core": "[3.7.4.4, 4.0.0)"
        }
      },
      "awsutils.common": {
        "type": "Project",
        "dependencies": {
          "AWSSDK.SecurityToken": "3.7.1.89"
        }
      }
    }
  }
}