{
  "version": 1,
  "dependencies": {
    "net6.0": {
      "AWSSDK.KeyManagementService": {
        "type": "Direct",
        "requested": "[3.7.101.75, )",
        "resolved": "3.7.101.75",
        "contentHash": "SMNksSdpzbR7rgGLzu0ZOA46oGUQcnYZrb63VmwzrTGkx7t/LzV6XT7j5s6wL4D0FCpnBDhWNWy+ZYbA3Au/CQ==",
        "dependencies": {
          "AWSSDK.Core": "[3.7.106.7, 4.0.0)"
        }
      },
      "AWSSDK.Core": {
        "type": "Transitive",
        "resolved": "3.7.106.7",
        "contentHash": "tLi8O+YLTvQjFY0jcfFUqMMv2zh97ZBgLPXqQty+PPnNomTY9NhjHMPzf0MlACwc0gdllN5yaf6heKoM2zDdKw=="
      },
      "AWSSDK.SecurityToken": {
        "type": "Transitive",
        "resolved": "3.7.101.35",
        "contentHash": "eYCGm5owyUYSXB5th388wEUmf7QKtcGNpGRl+N/C5AAHTaUSu6hJ/emJaeKrb6b8WyU8d7sydBcWZps4E3YtHg==",
        "dependencies": {
          "AWSSDK.Core": "[3.7.106.7, 4.0.0)"
        }
      },
      "awsutils.common": {
        "type": "Project",
        "dependencies": {
          "AWSSDK.SecurityToken": "3.7.101.35"
        }
      }
    }
  }
}