{
  "version": 1,
  "dependencies": {
    ".NETCoreApp,Version=v3.1": {
      "Octokit": {
        "type": "Direct",
        "requested": "[0.50.0, )",
        "resolved": "0.50.0",
        "contentHash": "J5vqespSvjxIAAtjG1Tc6ghBqyfRgDJtKnk/ifi4N0hD/f3JbPwyEDRT+Eelu/bS4C4M6mu5gt1WJqar+fByzg=="
      },
      "AWSSDK.Core": {
        "type": "Transitive",
        "resolved": "3.5.3.6",
        "contentHash": "Eg8ka5UdybyAfVxWC4uLMeU7NWtUK8WaMKXUFOC9Ofijx912vyMOxxUCNsDnn9pPxSr93zxy5v0b6ipxr6VQqg=="
      },
      "AWSSDK.KeyManagementService": {
        "type": "Transitive",
        "resolved": "3.5.2.17",
        "contentHash": "uE8v3l8ByVQolMk7YyrnbzcXRps+sXBHm3vg/b4rKi2cEGd/tJmtv9gzTJV7cLeMKlrXggHpKESL/HycQBu97w==",
        "dependencies": {
          "AWSSDK.Core": "[3.5.3.6, 3.6.0)"
        }
      },
      "AWSSDK.SecurityToken": {
        "type": "Transitive",
        "resolved": "3.5.0",
        "contentHash": "rrhQYdiSynCneAUlTFZivo7eo6+Sm+FKSWGvfLRN0FmERb53yOB28O5w/o0dmr3B7rZ1kReCU0O0De/WGzA4vw==",
        "dependencies": {
          "AWSSDK.Core": "[3.5.0, 3.6.0)"
        }
      },
      "awsutils.common": {
        "type": "Project",
        "dependencies": {
          "AWSSDK.Core": "3.5.3.5",
          "AWSSDK.SecurityToken": "3.5.0"
        }
      },
      "keymanagementservice": {
        "type": "Project",
        "dependencies": {
          "AWSSDK.KeyManagementService": "3.5.2.17",
          "AwsUtils.Common": "1.0.0"
        }
      }
    }
  }
}