{
  "version": 1,
  "dependencies": {
    ".NETCoreApp,Version=v3.1": {
      "Octokit": {
        "type": "Direct",
        "requested": "[0.50.0, )",
        "resolved": "0.50.0",
        "contentHash": "J5vqespSvjxIAAtjG1Tc6ghBqyfRgDJtKnk/ifi4N0hD/f3JbPwyEDRT+Eelu/bS4C4M6mu5gt1WJqar+fByzg=="
      },
      "AWSSDK.Core": {
        "type": "Transitive",
        "resolved": "3.7.0.29",
        "contentHash": "RXeNNVehUDF/hTdeOfbHjjMyt9UciPifhtcrOScKHN+04sENBGdahZjvQHb+uw7XNJuzeFWdGgvibNNRfXYyDA=="
      },
      "AWSSDK.KeyManagementService": {
        "type": "Transitive",
        "resolved": "3.7.0.28",
        "contentHash": "HMqODiadHiThLlYIjJ/ylynL0/MhtwVVs/1cwNa9Ca20TkqRupfW6raetWY813tFXkS1xVlVLyjZ99pL/GEcIg==",
        "dependencies": {
          "AWSSDK.Core": "[3.7.0.29, 4.0.0)"
        }
      },
      "AWSSDK.SecurityToken": {
        "type": "Transitive",
        "resolved": "3.7.1.16",
        "contentHash": "o4Oi0sd8g9ByOj1wyZ+hh9IBJnYqabazUQDt1cEvf7PvE/kZ/h5BD2Su7YVtZdJvaDvsb9d6ZKmHsMHstywXVg==",
        "dependencies": {
          "AWSSDK.Core": "[3.7.0.28, 4.0.0)"
        }
      },
      "awsutils.common": {
        "type": "Project",
        "dependencies": {
          "AWSSDK.SecurityToken": "3.7.1.16"
        }
      },
      "keymanagementservice": {
        "type": "Project",
        "dependencies": {
          "AWSSDK.KeyManagementService": "3.7.0.28",
          "AwsUtils.Common": "1.0.0"
        }
      }
    }
  }
}