{
  "version": 1,
  "dependencies": {
    ".NETCoreApp,Version=v3.1": {
      "Octokit": {
        "type": "Direct",
        "requested": "[0.50.0, )",
        "resolved": "0.50.0",
        "contentHash": "J5vqespSvjxIAAtjG1Tc6ghBqyfRgDJtKnk/ifi4N0hD/f3JbPwyEDRT+Eelu/bS4C4M6mu5gt1WJqar+fByzg=="
      },
      "AWSSDK.Core": {
        "type": "Transitive",
        "resolved": "3.7.3.7",
        "contentHash": "86Gsii9Bq6YnMC2sR87i3OZ8TNzu2NAzCrsjYUYhrQL62/8/OPM4u9P3lzXiUnrmi1myDz9LUtliLavZ0yOlWQ=="
      },
      "AWSSDK.KeyManagementService": {
        "type": "Transitive",
        "resolved": "3.7.2.11",
        "contentHash": "hKUGEof2wSMGhs3qsR0EcdWOs/UzNzHBJrYhwUP+g1kRE4M4PR3CDx2RBWoKVo+Hs7CO7leEIUuyqCgbCaOuvw==",
        "dependencies": {
          "AWSSDK.Core": "[3.7.3.7, 4.0.0)"
        }
      },
      "AWSSDK.SecurityToken": {
        "type": "Transitive",
        "resolved": "3.7.1.57",
        "contentHash": "aeiqh2U6kh+TnmmPp8PZYlrFK36983D8ectvfrH1HzLIEhSPELmukBBPDXMHzxRSYrCZ1l07JUUwz2LY0+xSMA==",
        "dependencies": {
          "AWSSDK.Core": "[3.7.3.7, 4.0.0)"
        }
      },
      "awsutils.common": {
        "type": "Project",
        "dependencies": {
          "AWSSDK.SecurityToken": "3.7.1.57"
        }
      },
      "keymanagementservice": {
        "type": "Project",
        "dependencies": {
          "AWSSDK.KeyManagementService": "3.7.2.11",
          "AwsUtils.Common": "1.0.0"
        }
      }
    }
  }
}