{
  "version": 1,
  "dependencies": {
    ".NETCoreApp,Version=v3.1": {
      "Amazon.Lambda.ApplicationLoadBalancerEvents": {
        "type": "Transitive",
        "resolved": "2.0.0",
        "contentHash": "faB8e3dvWhNsI5hABtiDvKJ5RjeQXlE3cIM3u4pMs0MtQiGbxbuzjiibEd58ojRzz0ijYImy36mxPSGWm1nVtQ=="
      },
      "Amazon.Lambda.Core": {
        "type": "Transitive",
        "resolved": "1.1.0",
        "contentHash": "ueGId8b4DEHoVWkHDs3iAJH8IUSAUGu5AqkoI/Syl4RuByzik7lz9IjoImiGAlGhtsQV02MHNeTo04IFjS37gQ=="
      },
      "Amazon.Lambda.Serialization.SystemTextJson": {
        "type": "Transitive",
        "resolved": "2.0.1",
        "contentHash": "WPtMxw5jwEcVbe0Ro/bF0VDnict/zoCW0r6dfRIIOthjO+fVMgDyGYa4Pkz6ptgCCFcnhQuOq6iebYw1LRZeIQ==",
        "dependencies": {
          "Amazon.Lambda.Core": "1.1.0"
        }
      },
      "Amazon.Lambda.SNSEvents": {
        "type": "Transitive",
        "resolved": "1.1.0",
        "contentHash": "2bDTVmU8fzjjols+9keJtzQJHq5XAAfI28chvrLtBaOwEMzMfNV606ciEERndg5+cmhrO2DQVJmSK5yJ4PAT4w=="
      },
      "Amazon.Lambda.SQSEvents": {
        "type": "Transitive",
        "resolved": "1.1.0",
        "contentHash": "AD6rELASxItdSSR1Vj7X7pEE8OeGIADJkYer9dvHtXP+2NhpgFheBKj9mNt7fOEBuZLHo058TY416E9fnHRd6Q=="
      },
      "AWSSDK.CloudFormation": {
        "type": "Transitive",
        "resolved": "3.3.105.6",
        "contentHash": "VsvsiJoGvkydhuWDaoMWK0/uqxj0vsKz5J6FdSKyVSCgmxGAQAH2DqAeEZ+M47B31+yjGyoqRbdLdkJ50cjb2g==",
        "dependencies": {
          "AWSSDK.Core": "[3.3.107.2, 3.4.0)"
        }
      },
      "AWSSDK.Core": {
        "type": "Transitive",
        "resolved": "3.3.107.2",
        "contentHash": "V8WPPqmLAY/B9A0ojA6OfKzOs0dYkm2675sYbAey5VSLfq9vZ6lDN9kuF12ERwj0LLQMjDP6LxYC5RNS+0/iwA=="
      },
      "AWSSDK.ElasticLoadBalancingV2": {
        "type": "Transitive",
        "resolved": "3.3.104.82",
        "contentHash": "pjLCmOGsAa6sRq59k1YYI3DLt7hkmr3VDiGSOBrER/XbxQMf0Kz+qi0cqcA/sD5QmGbAjmgn5CVGV1yHPfQuaw==",
        "dependencies": {
          "AWSSDK.Core": "[3.3.107.2, 3.4.0)"
        }
      },
      "AWSSDK.KeyManagementService": {
        "type": "Transitive",
        "resolved": "3.3.105.54",
        "contentHash": "eR7V3nNi2+0xASaq5NXMbGIccGztxejkghTJu0xO9OloDoPGPZDsgogQCAakPthIZ0mL7h2ep9PZUZA8mVD1ag==",
        "dependencies": {
          "AWSSDK.Core": "[3.3.107.2, 3.4.0)"
        }
      },
      "AWSSDK.S3": {
        "type": "Transitive",
        "resolved": "3.3.111.3",
        "contentHash": "hx+mIPE59nk9aoBYmK+nUCwJ8dwTbjGwc6cl/WxxJ85n7FHpsfIql4tkEEzvmAkXcrpCc0JdPehpMVcj6+YecA==",
        "dependencies": {
          "AWSSDK.Core": "[3.3.107.2, 3.4.0)"
        }
      },
      "AWSSDK.SecurityToken": {
        "type": "Transitive",
        "resolved": "3.3.105.6",
        "contentHash": "SI0txqKjqi+fgO+QtaopOLWqwHMUTBRnAvb2VOPLZqzpc+Vf1cAzeMoBwhW7hPw9HqhOGhRT+Hsv4R99t7kdRA==",
        "dependencies": {
          "AWSSDK.Core": "[3.3.107.2, 3.4.0)"
        }
      },
      "AWSSDK.SimpleNotificationService": {
        "type": "Transitive",
        "resolved": "3.3.101.174",
        "contentHash": "QoYAH4lpykTbj/yPty8DrAQHINvEOGg9KnpSXZC8XR3kg1yiUJOCNnrhzhWkotfu0g9ee/RGBSeSLTIsh8eM2w==",
        "dependencies": {
          "AWSSDK.Core": "[3.3.107.2, 3.4.0)"
        }
      },
      "AWSSDK.SQS": {
        "type": "Transitive",
        "resolved": "3.3.102.117",
        "contentHash": "B8JsKg0NDOvCxnbnOuiSEzyE0biVtAn/tEFZS19osoPLZ72lGQJhU9hwxPASlRM2qLO4dVIIBUInlnMPWDd90A==",
        "dependencies": {
          "AWSSDK.Core": "[3.3.107.2, 3.4.0)"
        }
      },
      "AWSSDK.StepFunctions": {
        "type": "Transitive",
        "resolved": "3.3.104.50",
        "contentHash": "VYbNzgu05MnsOMp/xEdbpsG7aH/CGljdDpGN3aTsae5idaWVMzkI6v7yy3Qgdrjv60jD8P1rp9s58DNOgFfbeg==",
        "dependencies": {
          "AWSSDK.Core": "[3.3.107.2, 3.4.0)"
        }
      },
      "Octokit": {
        "type": "Transitive",
        "resolved": "0.47.0",
        "contentHash": "q1TWsMEjxG7Eb7YFrXm3MWgSPsMvPKxrIF//tuUPd9i/SS/fG7PerKr088E8AOoAFcHqMqouSrW0iAg2WgskDA=="
      },
      "approvalnotification": {
        "type": "Project",
        "dependencies": {
          "AWSSDK.S3": "3.3.111.3",
          "AWSSDK.SimpleNotificationService": "3.3.101.174",
          "AWSSDK.StepFunctions": "3.3.104.50",
          "Amazon.Lambda.Core": "1.1.0",
          "Amazon.Lambda.Serialization.SystemTextJson": "2.0.1",
          "Common": "1.0.0",
          "SimpleStorageService": "1.0.0"
        }
      },
      "approvalwebhook": {
        "type": "Project",
        "dependencies": {
          "AWSSDK.S3": "3.3.111.3",
          "AWSSDK.StepFunctions": "3.3.104.50",
          "Amazon.Lambda.ApplicationLoadBalancerEvents": "2.0.0",
          "Amazon.Lambda.Core": "1.1.0",
          "Amazon.Lambda.Serialization.SystemTextJson": "2.0.1",
          "AwsUtils.Common": "1.0.0",
          "Common": "1.0.0",
          "SimpleStorageService": "1.0.0"
        }
      },
      "awsutils.common": {
        "type": "Project",
        "dependencies": {
          "AWSSDK.Core": "3.3.107.2",
          "AWSSDK.SecurityToken": "3.3.105.6"
        }
      },
      "cloudformation": {
        "type": "Project",
        "dependencies": {
          "AWSSDK.CloudFormation": "3.3.105.6",
          "AwsUtils.Common": "1.0.0"
        }
      },
      "common": {
        "type": "Project"
      },
      "deploymentsupersession": {
        "type": "Project",
        "dependencies": {
          "AWSSDK.S3": "3.3.111.3",
          "AWSSDK.StepFunctions": "3.3.104.50",
          "Amazon.Lambda.Core": "1.1.0",
          "Amazon.Lambda.SQSEvents": "1.1.0",
          "Amazon.Lambda.Serialization.SystemTextJson": "2.0.1",
          "SimpleStorageService": "1.0.0"
        }
      },
      "extractfilefromzip": {
        "type": "Project",
        "dependencies": {
          "Amazon.Lambda.Core": "1.1.0",
          "Amazon.Lambda.Serialization.SystemTextJson": "2.0.1",
          "SimpleStorageService": "1.0.0"
        }
      },
      "githubutils": {
        "type": "Project",
        "dependencies": {
          "KeyManagementService": "1.0.0",
          "Octokit": "0.47.0"
        }
      },
      "githubwebhook": {
        "type": "Project",
        "dependencies": {
          "AWSSDK.CloudFormation": "3.3.105.6",
          "AWSSDK.KeyManagementService": "3.3.105.54",
          "AWSSDK.S3": "3.3.111.3",
          "AWSSDK.StepFunctions": "3.3.104.50",
          "Amazon.Lambda.ApplicationLoadBalancerEvents": "2.0.0",
          "Amazon.Lambda.Core": "1.1.0",
          "Amazon.Lambda.Serialization.SystemTextJson": "2.0.1",
          "AwsUtils.Common": "1.0.0",
          "CloudFormation": "1.0.0",
          "KeyManagementService": "1.0.0",
          "Octokit": "0.47.0",
          "SimpleStorageService": "1.0.0"
        }
      },
      "keymanagementservice": {
        "type": "Project",
        "dependencies": {
          "AWSSDK.KeyManagementService": "3.3.105.54",
          "AwsUtils.Common": "1.0.0"
        }
      },
      "s3deployment": {
        "type": "Project",
        "dependencies": {
          "AWSSDK.S3": "3.3.111.3",
          "Amazon.Lambda.Core": "1.1.0",
          "Amazon.Lambda.Serialization.SystemTextJson": "2.0.1",
          "AwsUtils.Common": "1.0.0",
          "Common": "1.0.0",
          "GithubUtils": "1.0.0",
          "Octokit": "0.47.0",
          "SimpleStorageService": "1.0.0"
        }
      },
      "simplestorageservice": {
        "type": "Project",
        "dependencies": {
          "AWSSDK.S3": "3.3.111.3",
          "AwsUtils.Common": "1.0.0"
        }
      },
      "stackdeployment": {
        "type": "Project",
        "dependencies": {
          "AWSSDK.CloudFormation": "3.3.105.6",
          "AWSSDK.StepFunctions": "3.3.104.50",
          "Amazon.Lambda.Core": "1.1.0",
          "Amazon.Lambda.SQSEvents": "1.1.0",
          "Amazon.Lambda.Serialization.SystemTextJson": "2.0.1",
          "CloudFormation": "1.0.0",
          "Common": "1.0.0",
          "GithubUtils": "1.0.0",
          "Octokit": "0.47.0",
          "SimpleStorageService": "1.0.0"
        }
      },
      "stackdeploymentstatus": {
        "type": "Project",
        "dependencies": {
          "AWSSDK.CloudFormation": "3.3.105.6",
          "AWSSDK.SQS": "3.3.102.117",
          "AWSSDK.StepFunctions": "3.3.104.50",
          "Amazon.Lambda.Core": "1.1.0",
          "Amazon.Lambda.SNSEvents": "1.1.0",
          "Amazon.Lambda.Serialization.SystemTextJson": "2.0.1",
          "Common": "1.0.0",
          "GithubUtils": "1.0.0",
          "SimpleStorageService": "1.0.0"
        }
      },
      "updatetargets": {
        "type": "Project",
        "dependencies": {
          "AWSSDK.ElasticLoadBalancingV2": "3.3.104.82",
          "Amazon.Lambda.Core": "1.1.0",
          "Amazon.Lambda.SNSEvents": "1.1.0",
          "Amazon.Lambda.Serialization.SystemTextJson": "2.0.1",
          "AwsUtils.Common": "1.0.0"
        }
      }
    }
  }
}