{
  "version": 1,
  "dependencies": {
    ".NETFramework,Version=v4.0": {
      "Cythral.CloudFormation.BuildTasks": {
        "type": "Direct",
        "requested": "[0.2.3, )",
        "resolved": "0.2.3",
        "contentHash": "vJJBdT7ZbOBG2e+YNNM8E8yN7aribZFX+UkcWIWVmA2Ly0POqAzAS31B9vCwpB8ilo+PTg0r6vGt/c7ARfC8dw=="
      }
    }
  }
}