{
  "version": 1,
  "dependencies": {
    ".NETCoreApp,Version=v5.0": {
      "AWSSDK.S3": {
        "type": "Direct",
        "requested": "[3.5.4, )",
        "resolved": "3.5.4",
        "contentHash": "IHaHZE5T/JQsM4+l+eHBdqPRuCfq36QpkqFn+ftLAmt1oKmdKQVOcEiE3rkMhVJiB3poqLCVncaul+YtfO94Kw==",
        "dependencies": {
          "AWSSDK.Core": "[3.5.1.34, 3.6.0)"
        }
      },
      "AWSSDK.SimpleNotificationService": {
        "type": "Direct",
        "requested": "[3.5.1.6, )",
        "resolved": "3.5.1.6",
        "contentHash": "ppSonX+jJo9q24eYpWyB/MsRl/Tdqi9uHZl1wABLQ8nu2Ok2NJpP6i7nKPVpwcT2zZf7mcYMm475rU2MxFhbgw==",
        "dependencies": {
          "AWSSDK.Core": "[3.5.1.34, 3.6.0)"
        }
      },
      "AWSSDK.StepFunctions": {
        "type": "Direct",
        "requested": "[3.5.2.23, )",
        "resolved": "3.5.2.23",
        "contentHash": "v84TzkcvbP/fMk9Py2otEkN7wPb6Dz+7Qn4oHFVlX8bYvVvu7/xiXkoUuPmwFI/1mZ/r87LGKzgKofpC9qSr/Q==",
        "dependencies": {
          "AWSSDK.Core": "[3.5.1.34, 3.6.0)"
        }
      },
      "Lambdajection": {
        "type": "Direct",
        "requested": "[0.5.0, )",
        "resolved": "0.5.0",
        "contentHash": "IS8YYaO2Ltqd5xOrU4/vcctrLx35vsEtu21QOVHyDYQsmzmp8MLier6VTZyoPUa9WMCDzg4UC8k24TaBuByJTw==",
        "dependencies": {
          "Lambdajection.Attributes": "0.5.0",
          "Lambdajection.Core": "0.5.0",
          "Lambdajection.Generator": "0.5.0"
        }
      },
      "Lambdajection.Runtime": {
        "type": "Direct",
        "requested": "[0.5.0, )",
        "resolved": "0.5.0",
        "contentHash": "/L1TVI3jUbE1j7U6ZcMl2j3CBPyr9TqfYVu5jTixVcpHj5x6/L5iWt9ubsjgEvl79dikXvntWb+ouHnZRhSxBA==",
        "dependencies": {
          "Amazon.Lambda.RuntimeSupport": "1.2.0"
        }
      },
      "Amazon.Lambda.Core": {
        "type": "Transitive",
        "resolved": "1.2.0",
        "contentHash": "goaq1LaH1UJB18BNG/Apxmn0P7dAlLWFbxU2nKxK+M4lH2KJaZDbtlP2gFEAJ+aENOMBHthaLPEtk3944J2OOg=="
      },
      "Amazon.Lambda.RuntimeSupport": {
        "type": "Transitive",
        "resolved": "1.2.0",
        "contentHash": "eCNthjnvM5yQnM4KvdvYVd6/gMIJ51T5K0BAQ9GAP0coF4izniFMrRnv2C14qZ/RkssYX5kKN2H3RUxjQlpfmQ==",
        "dependencies": {
          "Amazon.Lambda.Core": "1.2.0",
          "NSwag.MSBuild": "12.0.4"
        }
      },
      "Amazon.Lambda.Serialization.SystemTextJson": {
        "type": "Transitive",
        "resolved": "2.1.0",
        "contentHash": "q2R4I77NrrAHDpcaWby9VA/XhE1tjG/2kpredwucRq7k4dTPCqqB7OFmbiFdlfuErrp2/9+X1l62c4unwVicpw==",
        "dependencies": {
          "Amazon.Lambda.Core": "1.2.0"
        }
      },
      "AWSSDK.Core": {
        "type": "Transitive",
        "resolved": "3.5.1.34",
        "contentHash": "U7+LuL8NN20NP+Fg3l9HfH5nuKi+EPxh1zaP1JLg7Twj2OnIf6TuUkJyoTCggJ7mXzfmiLr3YyGu6/MjcvoMrA=="
      },
      "AWSSDK.SecurityToken": {
        "type": "Transitive",
        "resolved": "3.5.0",
        "contentHash": "rrhQYdiSynCneAUlTFZivo7eo6+Sm+FKSWGvfLRN0FmERb53yOB28O5w/o0dmr3B7rZ1kReCU0O0De/WGzA4vw==",
        "dependencies": {
          "AWSSDK.Core": "[3.5.0, 3.6.0)"
        }
      },
      "Lambdajection.Attributes": {
        "type": "Transitive",
        "resolved": "0.5.0",
        "contentHash": "0GfCW/beW6O3+UHnahQwgmcwcKOFkHB3H0QQfyYyff+iTL0XqRzsH83boutgzV0n/xuOjrJDZj3bDWDzTp5T3w=="
      },
      "Lambdajection.Core": {
        "type": "Transitive",
        "resolved": "0.5.0",
        "contentHash": "lgwXBvTPabPvrpnvGvxJQSobqZK4sS0bpp3zi8T6ryREkHhMcuEHUTCiE+382IYa66AUSKqr5xqX66q2TGfUdg==",
        "dependencies": {
          "Amazon.Lambda.Core": "1.2.0",
          "Amazon.Lambda.Serialization.SystemTextJson": "2.1.0",
          "Lambdajection.Attributes": "0.5.0",
          "Microsoft.Extensions.Configuration": "5.0.0",
          "Microsoft.Extensions.Configuration.EnvironmentVariables": "5.0.0",
          "Microsoft.Extensions.DependencyInjection": "5.0.0",
          "Microsoft.Extensions.Logging": "5.0.0",
          "Microsoft.Extensions.Logging.Console": "5.0.0"
        }
      },
      "Lambdajection.Generator": {
        "type": "Transitive",
        "resolved": "0.5.0",
        "contentHash": "NiAXlnAw8dGWXlArTryCIPTDOg3MzOUyXt9loaagvvuYPG2S9vRNOo08JYygPMfLttrFruanOfBcD9u80i5Z4g=="
      },
      "Microsoft.Extensions.Configuration": {
        "type": "Transitive",
        "resolved": "5.0.0",
        "contentHash": "LN322qEKHjuVEhhXueTUe7RNePooZmS8aGid5aK2woX3NPjSnONFyKUc6+JknOS6ce6h2tCLfKPTBXE3mN/6Ag==",
        "dependencies": {
          "Microsoft.Extensions.Configuration.Abstractions": "5.0.0",
          "Microsoft.Extensions.Primitives": "5.0.0"
        }
      },
      "Microsoft.Extensions.Configuration.Abstractions": {
        "type": "Transitive",
        "resolved": "5.0.0",
        "contentHash": "ETjSBHMp3OAZ4HxGQYpwyGsD8Sw5FegQXphi0rpoGMT74S4+I2mm7XJEswwn59XAaKOzC15oDSOWEE8SzDCd6Q==",
        "dependencies": {
          "Microsoft.Extensions.Primitives": "5.0.0"
        }
      },
      "Microsoft.Extensions.Configuration.Binder": {
        "type": "Transitive",
        "resolved": "5.0.0",
        "contentHash": "Of1Irt1+NzWO+yEYkuDh5TpT4On7LKl98Q9iLqCdOZps6XXEWDj3AKtmyvzJPVXZe4apmkJJIiDL7rR1yC+hjQ==",
        "dependencies": {
          "Microsoft.Extensions.Configuration.Abstractions": "5.0.0"
        }
      },
      "Microsoft.Extensions.Configuration.EnvironmentVariables": {
        "type": "Transitive",
        "resolved": "5.0.0",
        "contentHash": "fqh6y6hAi0Z0fRsb4B/mP9OkKkSlifh5osa+N/YSQ+/S2a//+zYApZMUC1XeP9fdjlgZoPQoZ72Q2eLHyKLddQ==",
        "dependencies": {
          "Microsoft.Extensions.Configuration": "5.0.0",
          "Microsoft.Extensions.Configuration.Abstractions": "5.0.0"
        }
      },
      "Microsoft.Extensions.DependencyInjection": {
        "type": "Transitive",
        "resolved": "5.0.0",
        "contentHash": "Rc2kb/p3Ze6cP6rhFC3PJRdWGbLvSHZc0ev7YlyeU6FmHciDMLrhoVoTUEzKPhN5ZjFgKF1Cf5fOz8mCMIkvpA==",
        "dependencies": {
          "Microsoft.Extensions.DependencyInjection.Abstractions": "5.0.0"
        }
      },
      "Microsoft.Extensions.DependencyInjection.Abstractions": {
        "type": "Transitive",
        "resolved": "5.0.0",
        "contentHash": "ORj7Zh81gC69TyvmcUm9tSzytcy8AVousi+IVRAI8nLieQjOFryRusSFh7+aLk16FN9pQNqJAiMd7BTKINK0kA=="
      },
      "Microsoft.Extensions.Logging": {
        "type": "Transitive",
        "resolved": "5.0.0",
        "contentHash": "MgOwK6tPzB6YNH21wssJcw/2MKwee8b2gI7SllYfn6rvTpIrVvVS5HAjSU2vqSku1fwqRvWP0MdIi14qjd93Aw==",
        "dependencies": {
          "Microsoft.Extensions.DependencyInjection": "5.0.0",
          "Microsoft.Extensions.DependencyInjection.Abstractions": "5.0.0",
          "Microsoft.Extensions.Logging.Abstractions": "5.0.0",
          "Microsoft.Extensions.Options": "5.0.0"
        }
      },
      "Microsoft.Extensions.Logging.Abstractions": {
        "type": "Transitive",
        "resolved": "5.0.0",
        "contentHash": "NxP6ahFcBnnSfwNBi2KH2Oz8Xl5Sm2krjId/jRR3I7teFphwiUoUeZPwTNA21EX+5PtjqmyAvKaOeBXcJjcH/w=="
      },
      "Microsoft.Extensions.Logging.Configuration": {
        "type": "Transitive",
        "resolved": "5.0.0",
        "contentHash": "N3/d0HeMRnBekadbZlmbp+In8EvNNkQHSdbtRzjrGVckdZWpYs5GNrAfaYqVplDFW0WUedSaFJ3khB50BWYGsw==",
        "dependencies": {
          "Microsoft.Extensions.Configuration": "5.0.0",
          "Microsoft.Extensions.Configuration.Abstractions": "5.0.0",
          "Microsoft.Extensions.Configuration.Binder": "5.0.0",
          "Microsoft.Extensions.DependencyInjection.Abstractions": "5.0.0",
          "Microsoft.Extensions.Logging": "5.0.0",
          "Microsoft.Extensions.Logging.Abstractions": "5.0.0",
          "Microsoft.Extensions.Options": "5.0.0",
          "Microsoft.Extensions.Options.ConfigurationExtensions": "5.0.0"
        }
      },
      "Microsoft.Extensions.Logging.Console": {
        "type": "Transitive",
        "resolved": "5.0.0",
        "contentHash": "jH0wbWhfvXjOVmCkbra4vbiovDtTUIWLQjCeJ7Xun3h4AHvwfzm7V7wlsXKs3tNnPrsCxZ9oaV0vUAgGY1JxOA==",
        "dependencies": {
          "Microsoft.Extensions.Configuration.Abstractions": "5.0.0",
          "Microsoft.Extensions.DependencyInjection.Abstractions": "5.0.0",
          "Microsoft.Extensions.Logging": "5.0.0",
          "Microsoft.Extensions.Logging.Abstractions": "5.0.0",
          "Microsoft.Extensions.Logging.Configuration": "5.0.0",
          "Microsoft.Extensions.Options": "5.0.0",
          "Microsoft.Extensions.Options.ConfigurationExtensions": "5.0.0"
        }
      },
      "Microsoft.Extensions.Options": {
        "type": "Transitive",
        "resolved": "5.0.0",
        "contentHash": "CBvR92TCJ5uBIdd9/HzDSrxYak+0W/3+yxrNg8Qm6Bmrkh5L+nu6m3WeazQehcZ5q1/6dDA7J5YdQjim0165zg==",
        "dependencies": {
          "Microsoft.Extensions.DependencyInjection.Abstractions": "5.0.0",
          "Microsoft.Extensions.Primitives": "5.0.0"
        }
      },
      "Microsoft.Extensions.Options.ConfigurationExtensions": {
        "type": "Transitive",
        "resolved": "5.0.0",
        "contentHash": "280RxNJqOeQqq47aJLy5D9LN61CAWeuRA83gPToQ8B9jl9SNdQ5EXjlfvF66zQI5AXMl+C/3hGnbtIEN+X3mqA==",
        "dependencies": {
          "Microsoft.Extensions.Configuration.Abstractions": "5.0.0",
          "Microsoft.Extensions.Configuration.Binder": "5.0.0",
          "Microsoft.Extensions.DependencyInjection.Abstractions": "5.0.0",
          "Microsoft.Extensions.Options": "5.0.0",
          "Microsoft.Extensions.Primitives": "5.0.0"
        }
      },
      "Microsoft.Extensions.Primitives": {
        "type": "Transitive",
        "resolved": "5.0.0",
        "contentHash": "cI/VWn9G1fghXrNDagX9nYaaB/nokkZn0HYAawGaELQrl8InSezfe9OnfPZLcJq3esXxygh3hkq2c3qoV3SDyQ=="
      },
      "NSwag.MSBuild": {
        "type": "Transitive",
        "resolved": "12.0.4",
        "contentHash": "4Gqf64I2j3Y5UyxtdvPW4H8h8RgY2e6Cp6++T30/v0aXS9UhErPKg35GKz3nSKRUesjYQh7Duy3cPnDCDdGlMg=="
      },
      "awsutils.common": {
        "type": "Project",
        "dependencies": {
          "AWSSDK.Core": "3.5.0",
          "AWSSDK.SecurityToken": "3.5.0"
        }
      },
      "common": {
        "type": "Project"
      },
      "simplestorageservice": {
        "type": "Project",
        "dependencies": {
          "AWSSDK.S3": "3.5.0",
          "AwsUtils.Common": "1.0.0"
        }
      }
    },
    ".NETCoreApp,Version=v5.0/linux-x64": {},
    ".NETCoreApp,Version=v5.0/osx-x64": {}
  }
}