{
  "version": 1,
  "dependencies": {
    ".NETCoreApp,Version=v3.1": {
      "Amazon.Lambda.Core": {
        "type": "Direct",
        "requested": "[1.1.0, )",
        "resolved": "1.1.0",
        "contentHash": "ueGId8b4DEHoVWkHDs3iAJH8IUSAUGu5AqkoI/Syl4RuByzik7lz9IjoImiGAlGhtsQV02MHNeTo04IFjS37gQ=="
      },
      "Amazon.Lambda.SNSEvents": {
        "type": "Direct",
        "requested": "[1.1.0, )",
        "resolved": "1.1.0",
        "contentHash": "2bDTVmU8fzjjols+9keJtzQJHq5XAAfI28chvrLtBaOwEMzMfNV606ciEERndg5+cmhrO2DQVJmSK5yJ4PAT4w=="
      },
      "AWSSDK.ElasticLoadBalancingV2": {
        "type": "Direct",
        "requested": "[3.5.0, )",
        "resolved": "3.5.0",
        "contentHash": "EDpL+T15kLm+HGkib7dOZvqyMD3JjMNNSRzeUocD5oISLI3edPFsUocRRR+38B8Bs59mS1jjtcTbT1WJU3c0GQ==",
        "dependencies": {
          "AWSSDK.Core": "[3.5.0, 3.6.0)"
        }
      },
      "Lambdajection": {
        "type": "Direct",
        "requested": "[0.4.0-beta2, )",
        "resolved": "0.4.0-beta2",
        "contentHash": "GB3cpLBvzRX01M3rnycQechTfGhhgxPMD3V4ljRzpvg+EDV6ucrQU0oiUC0nDQDn0QQHbk/KmzzhY6LQX+jqvg==",
        "dependencies": {
          "Cythral.CodeGeneration.Roslyn.Tool": "0.9.1",
          "Lambdajection.Attributes": "0.4.0-beta2",
          "Lambdajection.Core": "0.4.0-beta2",
          "Lambdajection.Generator": "0.4.0-beta2"
        }
      },
      "Amazon.Lambda.Serialization.SystemTextJson": {
        "type": "Transitive",
        "resolved": "2.0.2",
        "contentHash": "xh6nVPg5Iz75u+KTuSOh1P+L4k2HIi4Qz29LijgCcuZ0tTvmUOpNdWafwzaDD9fN+Q15BmzcO7l35/L3j5OGgA==",
        "dependencies": {
          "Amazon.Lambda.Core": "1.1.0"
        }
      },
      "AWSSDK.Core": {
        "type": "Transitive",
        "resolved": "3.5.0",
        "contentHash": "bC5slbW3f1QgYlJK/I/zDUlixHq8YzktTwreJHwoOCpnRFB/IHV4EIgdEGwQnWOneJwRfwq4ZB0OhlrM3aT2pw=="
      },
      "Cythral.CodeGeneration.Roslyn.Tool": {
        "type": "Transitive",
        "resolved": "0.9.1",
        "contentHash": "oDpJq1WkzEt7DQ/t04ul4Em/cAjx43mNUHvDp9Wc/EgM++/Axrjs8vqJm9e+IMmar1F48V7zHyaaGfs7mCcKvQ=="
      },
      "Lambdajection.Attributes": {
        "type": "Transitive",
        "resolved": "0.4.0-beta2",
        "contentHash": "qGTeSqnLOAAPU6/gIC+3S/PbC1Hg9EbbbJHJg6ggyrRj/xUzW9tKc/gbTC1b7CJKNGwgsGbrFAc3lL9b6LmnXg=="
      },
      "Lambdajection.Core": {
        "type": "Transitive",
        "resolved": "0.4.0-beta2",
        "contentHash": "1ckXKnspXfObrjmBMHVdnbOrFpgV4yVGQkkZwU7OPjNuxyCTmxLDLbf/RLLa2PK4dHUORPr1y6yBZyk15d1nQA==",
        "dependencies": {
          "Amazon.Lambda.Core": "1.1.0",
          "Amazon.Lambda.Serialization.SystemTextJson": "2.0.2",
          "Lambdajection.Attributes": "0.4.0-beta2",
          "Microsoft.Extensions.Configuration": "3.1.6",
          "Microsoft.Extensions.Configuration.EnvironmentVariables": "3.1.6",
          "Microsoft.Extensions.DependencyInjection": "3.1.6",
          "Microsoft.Extensions.Logging": "3.1.6",
          "Microsoft.Extensions.Logging.Console": "3.1.6"
        }
      },
      "Lambdajection.Generator": {
        "type": "Transitive",
        "resolved": "0.4.0-beta2",
        "contentHash": "yuQFn2hQ2x02W7fAlBXFGInTHVs37Vu+UpkGeqxaRRB2A42l7+vnxn7wKnN6dDjSYdED+IVjGVbSFGlQ1f0+dg=="
      },
      "Microsoft.Extensions.Configuration": {
        "type": "Transitive",
        "resolved": "3.1.6",
        "contentHash": "gphCAywKC+ye1XdL+8Nv2Pd5b1Fn2yx7DekB4GQPCKaPyK94T9Tb+Sfk/iNdaDKtDl4vwidMI0w2AnoXtvofsw==",
        "dependencies": {
          "Microsoft.Extensions.Configuration.Abstractions": "3.1.6"
        }
      },
      "Microsoft.Extensions.Configuration.Abstractions": {
        "type": "Transitive",
        "resolved": "3.1.6",
        "contentHash": "Z7QAA7XFvYuGZCKsfzetdIq0Vj1ngiIzCBBqerlQMhewx1ZFLXHuvKx9xAIWeZqhuQv69VmFs3vO0Af9FDAa9Q==",
        "dependencies": {
          "Microsoft.Extensions.Primitives": "3.1.6"
        }
      },
      "Microsoft.Extensions.Configuration.Binder": {
        "type": "Transitive",
        "resolved": "3.1.6",
        "contentHash": "ZEEuo0TEQE+a/+l4EB/KdsjVt9bIee37c74C7Q+lLiP6WiPuBytP4EmxPYwrTB/oQX8sm9W3KvVGE5WW6oaNPg==",
        "dependencies": {
          "Microsoft.Extensions.Configuration": "3.1.6"
        }
      },
      "Microsoft.Extensions.Configuration.EnvironmentVariables": {
        "type": "Transitive",
        "resolved": "3.1.6",
        "contentHash": "FQqYNZ+my/gWjazYt9gnI4PmhqroO+8qkcR0pxL4sGIjbNNzYAydxPjjsInqUhaaflIrRo0sYd8s3Wbc1sGpcQ==",
        "dependencies": {
          "Microsoft.Extensions.Configuration": "3.1.6"
        }
      },
      "Microsoft.Extensions.DependencyInjection": {
        "type": "Transitive",
        "resolved": "3.1.6",
        "contentHash": "YMJWflBmBc0PbqYvt3m4ueSCgV51JLfqHhyunoVq0rBs9V4sVQw5JsPTB17bIrlHFJs2pt2olgfavOOvuGwoRg==",
        "dependencies": {
          "Microsoft.Extensions.DependencyInjection.Abstractions": "3.1.6"
        }
      },
      "Microsoft.Extensions.DependencyInjection.Abstractions": {
        "type": "Transitive",
        "resolved": "3.1.6",
        "contentHash": "JVlypPjlPqOEyAhET6pA7TqrK+Ya8TrYe2vvqsp62TYKS87oNuReoS7XpDFW0rrOsQo66G1yYf3K0E+lJHFHuw=="
      },
      "Microsoft.Extensions.Logging": {
        "type": "Transitive",
        "resolved": "3.1.6",
        "contentHash": "qZH7iTdJn+kS/DWzQgQWMGMHBv+SqzuJB14G9tKAR2w3b6Wzn4ClAK3LGsc2l/cwBW3At1OJT/jBAal4Qm5Rjw==",
        "dependencies": {
          "Microsoft.Extensions.Configuration.Binder": "3.1.6",
          "Microsoft.Extensions.DependencyInjection": "3.1.6",
          "Microsoft.Extensions.Logging.Abstractions": "3.1.6",
          "Microsoft.Extensions.Options": "3.1.6"
        }
      },
      "Microsoft.Extensions.Logging.Abstractions": {
        "type": "Transitive",
        "resolved": "3.1.6",
        "contentHash": "o2XYIjF9UugupEPvFsc9N8SjevixoRznS0V6EtjUZcGV4EjXXWKUXlKKsIWmD3i4dSiGo82aNcyqfQTsF/8h8g=="
      },
      "Microsoft.Extensions.Logging.Configuration": {
        "type": "Transitive",
        "resolved": "3.1.6",
        "contentHash": "pon4Rm7wJBFG3E/1WG+m90Eb8nBVc4WscrEyCD9LSfw4s0fbuxn97+wBvmZ9AyTz5bqDmFGT9ecBiws7nlqaKg==",
        "dependencies": {
          "Microsoft.Extensions.Logging": "3.1.6",
          "Microsoft.Extensions.Options.ConfigurationExtensions": "3.1.6"
        }
      },
      "Microsoft.Extensions.Logging.Console": {
        "type": "Transitive",
        "resolved": "3.1.6",
        "contentHash": "+0XSV+1Wf/7xu1NQol2+yhlqOOWI9NmQSyEeVuBhnD/TsVg+mAZAP6TEmdS5fdCFyVy9sZF4QaQCSDEMRbKq0g==",
        "dependencies": {
          "Microsoft.Extensions.Configuration.Abstractions": "3.1.6",
          "Microsoft.Extensions.Logging": "3.1.6",
          "Microsoft.Extensions.Logging.Configuration": "3.1.6"
        }
      },
      "Microsoft.Extensions.Options": {
        "type": "Transitive",
        "resolved": "3.1.6",
        "contentHash": "6nBkdL9UxCfA8eDuFBZVYAYpJhux0a6R7y58KcYnqKEYF84X9cK1uJQ9a+VWEWGXujMa4fnCGoVdKNYhANqbZg==",
        "dependencies": {
          "Microsoft.Extensions.DependencyInjection.Abstractions": "3.1.6",
          "Microsoft.Extensions.Primitives": "3.1.6"
        }
      },
      "Microsoft.Extensions.Options.ConfigurationExtensions": {
        "type": "Transitive",
        "resolved": "3.1.6",
        "contentHash": "T/NaRlfgmAXCqGteoDbzxQuV72LqGhWDSKDNufGmKP7t1wAGHhLKD31GL0VXoI/s0kuEbGLY/5QTo1ATD2TRGA==",
        "dependencies": {
          "Microsoft.Extensions.Configuration.Abstractions": "3.1.6",
          "Microsoft.Extensions.Configuration.Binder": "3.1.6",
          "Microsoft.Extensions.DependencyInjection.Abstractions": "3.1.6",
          "Microsoft.Extensions.Options": "3.1.6"
        }
      },
      "Microsoft.Extensions.Primitives": {
        "type": "Transitive",
        "resolved": "3.1.6",
        "contentHash": "X+h3tO383iMbtFxYp6Al4pgBzbfQKJY8/gd4U7+sZy90XeSfnw5SwHyCiRrAePG6kee4zCGsvQHPCqaTZ876hw=="
      }
    }
  }
}