{
  "version": 1,
  "dependencies": {
    ".NETCoreApp,Version=v3.1": {
      "AWSSDK.CloudFormation": {
        "type": "Direct",
        "requested": "[3.5.0, )",
        "resolved": "3.5.0",
        "contentHash": "AS9lPQ+znYz20fos5wf0APTcEHpa7Csko9W1rORm1R0LX5N8Jv7tnjqDWN4E0waN2tAcjw/d8r2qmoXZUeVxng==",
        "dependencies": {
          "AWSSDK.Core": "[3.5.0, 3.6.0)"
        }
      },
      "AWSSDK.Core": {
        "type": "Transitive",
        "resolved": "3.5.0",
        "contentHash": "bC5slbW3f1QgYlJK/I/zDUlixHq8YzktTwreJHwoOCpnRFB/IHV4EIgdEGwQnWOneJwRfwq4ZB0OhlrM3aT2pw=="
      },
      "AWSSDK.SecurityToken": {
        "type": "Transitive",
        "resolved": "3.5.0",
        "contentHash": "rrhQYdiSynCneAUlTFZivo7eo6+Sm+FKSWGvfLRN0FmERb53yOB28O5w/o0dmr3B7rZ1kReCU0O0De/WGzA4vw==",
        "dependencies": {
          "AWSSDK.Core": "[3.5.0, 3.6.0)"
        }
      },
      "awsutils.common": {
        "type": "Project",
        "dependencies": {
          "AWSSDK.Core": "3.5.0",
          "AWSSDK.SecurityToken": "3.5.0"
        }
      }
    }
  }
}